{
  "object": {
    "pins": [
      {
        "package": "KeychainSwift",
        "repositoryURL": "https://github.com/evgenyneu/keychain-swift.git",
        "state": {
          "branch": null,
          "revision": "e2b52071483eec7b18c521d6cc74e24983804722",
          "version": "17.0.0"
        }
      }
    ]
  },
  "version": 1
}
