// !$*UTF8*$!
{
	archiveVersion = 1;
	classes = {
	};
	objectVersion = 50;
	objects = {

/* Begin PBXBuildFile section */
		843A86912337E86500D35507 /* VideosTableViewController.swift in Sources */ = {isa = PBXBuildFile; fileRef = 843A86902337E86500D35507 /* VideosTableViewController.swift */; };
		843A86932337EE7300D35507 /* VideoTableViewCell.swift in Sources */ = {isa = PBXBuildFile; fileRef = 843A86922337EE7300D35507 /* VideoTableViewCell.swift */; };
		847FFCD72336A0250013363F /* LoginViewController.swift in Sources */ = {isa = PBXBuildFile; fileRef = 847FFCD62336A0250013363F /* LoginViewController.swift */; };
		847FFCDB2336A4200013363F /* SF-Pro-Display-Medium.otf in Resources */ = {isa = PBXBuildFile; fileRef = 847FFCD92336A4200013363F /* SF-Pro-Display-Medium.otf */; };
		847FFCDC2336A4200013363F /* SF-Pro-Display-Regular.otf in Resources */ = {isa = PBXBuildFile; fileRef = 847FFCDA2336A4200013363F /* SF-Pro-Display-Regular.otf */; };
		847FFCDE2336A7CD0013363F /* Initial.storyboard in Resources */ = {isa = PBXBuildFile; fileRef = 847FFCDD2336A7CD0013363F /* Initial.storyboard */; };
		847FFCE02336AB100013363F /* Articles.storyboard in Resources */ = {isa = PBXBuildFile; fileRef = 847FFCDF2336AB100013363F /* Articles.storyboard */; };
		847FFCE32336AD7D0013363F /* Videos.storyboard in Resources */ = {isa = PBXBuildFile; fileRef = 847FFCE22336AD7D0013363F /* Videos.storyboard */; };
		847FFCE52336AEB70013363F /* Bookmarks.storyboard in Resources */ = {isa = PBXBuildFile; fileRef = 847FFCE42336AEB70013363F /* Bookmarks.storyboard */; };
		847FFCE72336AF220013363F /* Profile.storyboard in Resources */ = {isa = PBXBuildFile; fileRef = 847FFCE62336AF220013363F /* Profile.storyboard */; };
		847FFCE92336B3490013363F /* InitialTabBarViewController.swift in Sources */ = {isa = PBXBuildFile; fileRef = 847FFCE82336B3490013363F /* InitialTabBarViewController.swift */; };
		847FFCEC2336BF960013363F /* ArticlesTableViewController.swift in Sources */ = {isa = PBXBuildFile; fileRef = 847FFCEB2336BF960013363F /* ArticlesTableViewController.swift */; };
		847FFCEE2336C2110013363F /* ArticleTableViewCell.swift in Sources */ = {isa = PBXBuildFile; fileRef = 847FFCED2336C2110013363F /* ArticleTableViewCell.swift */; };
		EA787C1B2316DCBA000AC250 /* AppDelegate.swift in Sources */ = {isa = PBXBuildFile; fileRef = EA787C1A2316DCBA000AC250 /* AppDelegate.swift */; };
		EA787C202316DCBA000AC250 /* Login.storyboard in Resources */ = {isa = PBXBuildFile; fileRef = EA787C1E2316DCBA000AC250 /* Login.storyboard */; };
		EA787C232316DCBA000AC250 /* GelecekBilimde.xcdatamodeld in Sources */ = {isa = PBXBuildFile; fileRef = EA787C212316DCBA000AC250 /* GelecekBilimde.xcdatamodeld */; };
		EA787C252316DCBB000AC250 /* Assets.xcassets in Resources */ = {isa = PBXBuildFile; fileRef = EA787C242316DCBB000AC250 /* Assets.xcassets */; };
		EA787C282316DCBB000AC250 /* LaunchScreen.storyboard in Resources */ = {isa = PBXBuildFile; fileRef = EA787C262316DCBB000AC250 /* LaunchScreen.storyboard */; };
		EA787C332316DCBB000AC250 /* GelecekBilimdeTests.swift in Sources */ = {isa = PBXBuildFile; fileRef = EA787C322316DCBB000AC250 /* GelecekBilimdeTests.swift */; };
		EA787C3E2316DCBC000AC250 /* GelecekBilimdeUITests.swift in Sources */ = {isa = PBXBuildFile; fileRef = EA787C3D2316DCBC000AC250 /* GelecekBilimdeUITests.swift */; };
/* End PBXBuildFile section */

/* Begin PBXContainerItemProxy section */
		EA787C2F2316DCBB000AC250 /* PBXContainerItemProxy */ = {
			isa = PBXContainerItemProxy;
			containerPortal = EA787C0F2316DCBA000AC250 /* Project object */;
			proxyType = 1;
			remoteGlobalIDString = EA787C162316DCBA000AC250;
			remoteInfo = GelecekBilimde;
		};
		EA787C3A2316DCBC000AC250 /* PBXContainerItemProxy */ = {
			isa = PBXContainerItemProxy;
			containerPortal = EA787C0F2316DCBA000AC250 /* Project object */;
			proxyType = 1;
			remoteGlobalIDString = EA787C162316DCBA000AC250;
			remoteInfo = GelecekBilimde;
		};
/* End PBXContainerItemProxy section */

/* Begin PBXFileReference section */
		843A86902337E86500D35507 /* VideosTableViewController.swift */ = {isa = PBXFileReference; lastKnownFileType = sourcecode.swift; path = VideosTableViewController.swift; sourceTree = "<group>"; };
		843A86922337EE7300D35507 /* VideoTableViewCell.swift */ = {isa = PBXFileReference; lastKnownFileType = sourcecode.swift; path = VideoTableViewCell.swift; sourceTree = "<group>"; };
		847FFCD62336A0250013363F /* LoginViewController.swift */ = {isa = PBXFileReference; lastKnownFileType = sourcecode.swift; path = LoginViewController.swift; sourceTree = "<group>"; };
		847FFCD92336A4200013363F /* SF-Pro-Display-Medium.otf */ = {isa = PBXFileReference; lastKnownFileType = file; path = "SF-Pro-Display-Medium.otf"; sourceTree = "<group>"; };
		847FFCDA2336A4200013363F /* SF-Pro-Display-Regular.otf */ = {isa = PBXFileReference; lastKnownFileType = file; path = "SF-Pro-Display-Regular.otf"; sourceTree = "<group>"; };
		847FFCDD2336A7CD0013363F /* Initial.storyboard */ = {isa = PBXFileReference; lastKnownFileType = file.storyboard; path = Initial.storyboard; sourceTree = "<group>"; };
		847FFCDF2336AB100013363F /* Articles.storyboard */ = {isa = PBXFileReference; lastKnownFileType = file.storyboard; path = Articles.storyboard; sourceTree = "<group>"; };
		847FFCE22336AD7D0013363F /* Videos.storyboard */ = {isa = PBXFileReference; lastKnownFileType = file.storyboard; path = Videos.storyboard; sourceTree = "<group>"; };
		847FFCE42336AEB70013363F /* Bookmarks.storyboard */ = {isa = PBXFileReference; lastKnownFileType = file.storyboard; path = Bookmarks.storyboard; sourceTree = "<group>"; };
		847FFCE62336AF220013363F /* Profile.storyboard */ = {isa = PBXFileReference; lastKnownFileType = file.storyboard; path = Profile.storyboard; sourceTree = "<group>"; };
		847FFCE82336B3490013363F /* InitialTabBarViewController.swift */ = {isa = PBXFileReference; lastKnownFileType = sourcecode.swift; path = InitialTabBarViewController.swift; sourceTree = "<group>"; };
		847FFCEB2336BF960013363F /* ArticlesTableViewController.swift */ = {isa = PBXFileReference; lastKnownFileType = sourcecode.swift; path = ArticlesTableViewController.swift; sourceTree = "<group>"; };
		847FFCED2336C2110013363F /* ArticleTableViewCell.swift */ = {isa = PBXFileReference; lastKnownFileType = sourcecode.swift; path = ArticleTableViewCell.swift; sourceTree = "<group>"; };
		EA787C172316DCBA000AC250 /* GelecekBilimde.app */ = {isa = PBXFileReference; explicitFileType = wrapper.application; includeInIndex = 0; path = GelecekBilimde.app; sourceTree = BUILT_PRODUCTS_DIR; };
		EA787C1A2316DCBA000AC250 /* AppDelegate.swift */ = {isa = PBXFileReference; lastKnownFileType = sourcecode.swift; path = AppDelegate.swift; sourceTree = "<group>"; };
		EA787C1F2316DCBA000AC250 /* Base */ = {isa = PBXFileReference; lastKnownFileType = file.storyboard; name = Base; path = Base.lproj/Login.storyboard; sourceTree = "<group>"; };
		EA787C222316DCBA000AC250 /* GelecekBilimde.xcdatamodel */ = {isa = PBXFileReference; lastKnownFileType = wrapper.xcdatamodel; path = GelecekBilimde.xcdatamodel; sourceTree = "<group>"; };
		EA787C242316DCBB000AC250 /* Assets.xcassets */ = {isa = PBXFileReference; lastKnownFileType = folder.assetcatalog; path = Assets.xcassets; sourceTree = "<group>"; };
		EA787C272316DCBB000AC250 /* Base */ = {isa = PBXFileReference; lastKnownFileType = file.storyboard; name = Base; path = Base.lproj/LaunchScreen.storyboard; sourceTree = "<group>"; };
		EA787C292316DCBB000AC250 /* Info.plist */ = {isa = PBXFileReference; lastKnownFileType = text.plist.xml; path = Info.plist; sourceTree = "<group>"; };
		EA787C2E2316DCBB000AC250 /* GelecekBilimdeTests.xctest */ = {isa = PBXFileReference; explicitFileType = wrapper.cfbundle; includeInIndex = 0; path = GelecekBilimdeTests.xctest; sourceTree = BUILT_PRODUCTS_DIR; };
		EA787C322316DCBB000AC250 /* GelecekBilimdeTests.swift */ = {isa = PBXFileReference; lastKnownFileType = sourcecode.swift; path = GelecekBilimdeTests.swift; sourceTree = "<group>"; };
		EA787C342316DCBB000AC250 /* Info.plist */ = {isa = PBXFileReference; lastKnownFileType = text.plist.xml; path = Info.plist; sourceTree = "<group>"; };
		EA787C392316DCBC000AC250 /* GelecekBilimdeUITests.xctest */ = {isa = PBXFileReference; explicitFileType = wrapper.cfbundle; includeInIndex = 0; path = GelecekBilimdeUITests.xctest; sourceTree = BUILT_PRODUCTS_DIR; };
		EA787C3D2316DCBC000AC250 /* GelecekBilimdeUITests.swift */ = {isa = PBXFileReference; lastKnownFileType = sourcecode.swift; path = GelecekBilimdeUITests.swift; sourceTree = "<group>"; };
		EA787C3F2316DCBC000AC250 /* Info.plist */ = {isa = PBXFileReference; lastKnownFileType = text.plist.xml; path = Info.plist; sourceTree = "<group>"; };
/* End PBXFileReference section */

/* Begin PBXFrameworksBuildPhase section */
		EA787C142316DCBA000AC250 /* Frameworks */ = {
			isa = PBXFrameworksBuildPhase;
			buildActionMask = 2147483647;
			files = (
			);
			runOnlyForDeploymentPostprocessing = 0;
		};
		EA787C2B2316DCBB000AC250 /* Frameworks */ = {
			isa = PBXFrameworksBuildPhase;
			buildActionMask = 2147483647;
			files = (
			);
			runOnlyForDeploymentPostprocessing = 0;
		};
		EA787C362316DCBC000AC250 /* Frameworks */ = {
			isa = PBXFrameworksBuildPhase;
			buildActionMask = 2147483647;
			files = (
			);
			runOnlyForDeploymentPostprocessing = 0;
		};
/* End PBXFrameworksBuildPhase section */

/* Begin PBXGroup section */
		847FFCD423369F830013363F /* Storyboards */ = {
			isa = PBXGroup;
			children = (
				EA787C1E2316DCBA000AC250 /* Login.storyboard */,
				847FFCDD2336A7CD0013363F /* Initial.storyboard */,
				847FFCDF2336AB100013363F /* Articles.storyboard */,
				847FFCE22336AD7D0013363F /* Videos.storyboard */,
				847FFCE42336AEB70013363F /* Bookmarks.storyboard */,
				847FFCE62336AF220013363F /* Profile.storyboard */,
			);
			path = Storyboards;
			sourceTree = "<group>";
		};
		847FFCD523369F8F0013363F /* Controllers */ = {
			isa = PBXGroup;
			children = (
				847FFCD62336A0250013363F /* LoginViewController.swift */,
				847FFCE82336B3490013363F /* InitialTabBarViewController.swift */,
				847FFCEB2336BF960013363F /* ArticlesTableViewController.swift */,
				843A86902337E86500D35507 /* VideosTableViewController.swift */,
			);
			path = Controllers;
			sourceTree = "<group>";
		};
		847FFCD82336A3C30013363F /* Fonts */ = {
			isa = PBXGroup;
			children = (
				847FFCD92336A4200013363F /* SF-Pro-Display-Medium.otf */,
				847FFCDA2336A4200013363F /* SF-Pro-Display-Regular.otf */,
			);
			path = Fonts;
			sourceTree = "<group>";
		};
		847FFCEA2336B59A0013363F /* Custom Cells */ = {
			isa = PBXGroup;
			children = (
				847FFCED2336C2110013363F /* ArticleTableViewCell.swift */,
				843A86922337EE7300D35507 /* VideoTableViewCell.swift */,
			);
			path = "Custom Cells";
			sourceTree = "<group>";
		};
		EA787C0E2316DCBA000AC250 = {
			isa = PBXGroup;
			children = (
				EA787C192316DCBA000AC250 /* GelecekBilimde */,
				EA787C312316DCBB000AC250 /* GelecekBilimdeTests */,
				EA787C3C2316DCBC000AC250 /* GelecekBilimdeUITests */,
				EA787C182316DCBA000AC250 /* Products */,
			);
			sourceTree = "<group>";
		};
		EA787C182316DCBA000AC250 /* Products */ = {
			isa = PBXGroup;
			children = (
				EA787C172316DCBA000AC250 /* GelecekBilimde.app */,
				EA787C2E2316DCBB000AC250 /* GelecekBilimdeTests.xctest */,
				EA787C392316DCBC000AC250 /* GelecekBilimdeUITests.xctest */,
			);
			name = Products;
			sourceTree = "<group>";
		};
		EA787C192316DCBA000AC250 /* GelecekBilimde */ = {
			isa = PBXGroup;
			children = (
				847FFCEA2336B59A0013363F /* Custom Cells */,
				847FFCD82336A3C30013363F /* Fonts */,
				847FFCD523369F8F0013363F /* Controllers */,
				847FFCD423369F830013363F /* Storyboards */,
				EA787C1A2316DCBA000AC250 /* AppDelegate.swift */,
				EA787C242316DCBB000AC250 /* Assets.xcassets */,
				EA787C262316DCBB000AC250 /* LaunchScreen.storyboard */,
				EA787C292316DCBB000AC250 /* Info.plist */,
				EA787C212316DCBA000AC250 /* GelecekBilimde.xcdatamodeld */,
			);
			path = GelecekBilimde;
			sourceTree = "<group>";
		};
		EA787C312316DCBB000AC250 /* GelecekBilimdeTests */ = {
			isa = PBXGroup;
			children = (
				EA787C322316DCBB000AC250 /* GelecekBilimdeTests.swift */,
				EA787C342316DCBB000AC250 /* Info.plist */,
			);
			path = GelecekBilimdeTests;
			sourceTree = "<group>";
		};
		EA787C3C2316DCBC000AC250 /* GelecekBilimdeUITests */ = {
			isa = PBXGroup;
			children = (
				EA787C3D2316DCBC000AC250 /* GelecekBilimdeUITests.swift */,
				EA787C3F2316DCBC000AC250 /* Info.plist */,
			);
			path = GelecekBilimdeUITests;
			sourceTree = "<group>";
		};
/* End PBXGroup section */

/* Begin PBXNativeTarget section */
		EA787C162316DCBA000AC250 /* GelecekBilimde */ = {
			isa = PBXNativeTarget;
			buildConfigurationList = EA787C422316DCBC000AC250 /* Build configuration list for PBXNativeTarget "GelecekBilimde" */;
			buildPhases = (
				EA787C132316DCBA000AC250 /* Sources */,
				EA787C142316DCBA000AC250 /* Frameworks */,
				EA787C152316DCBA000AC250 /* Resources */,
			);
			buildRules = (
			);
			dependencies = (
			);
			name = GelecekBilimde;
			productName = GelecekBilimde;
			productReference = EA787C172316DCBA000AC250 /* GelecekBilimde.app */;
			productType = "com.apple.product-type.application";
		};
		EA787C2D2316DCBB000AC250 /* GelecekBilimdeTests */ = {
			isa = PBXNativeTarget;
			buildConfigurationList = EA787C452316DCBC000AC250 /* Build configuration list for PBXNativeTarget "GelecekBilimdeTests" */;
			buildPhases = (
				EA787C2A2316DCBB000AC250 /* Sources */,
				EA787C2B2316DCBB000AC250 /* Frameworks */,
				EA787C2C2316DCBB000AC250 /* Resources */,
			);
			buildRules = (
			);
			dependencies = (
				EA787C302316DCBB000AC250 /* PBXTargetDependency */,
			);
			name = GelecekBilimdeTests;
			productName = GelecekBilimdeTests;
			productReference = EA787C2E2316DCBB000AC250 /* GelecekBilimdeTests.xctest */;
			productType = "com.apple.product-type.bundle.unit-test";
		};
		EA787C382316DCBC000AC250 /* GelecekBilimdeUITests */ = {
			isa = PBXNativeTarget;
			buildConfigurationList = EA787C482316DCBC000AC250 /* Build configuration list for PBXNativeTarget "GelecekBilimdeUITests" */;
			buildPhases = (
				EA787C352316DCBC000AC250 /* Sources */,
				EA787C362316DCBC000AC250 /* Frameworks */,
				EA787C372316DCBC000AC250 /* Resources */,
			);
			buildRules = (
			);
			dependencies = (
				EA787C3B2316DCBC000AC250 /* PBXTargetDependency */,
			);
			name = GelecekBilimdeUITests;
			productName = GelecekBilimdeUITests;
			productReference = EA787C392316DCBC000AC250 /* GelecekBilimdeUITests.xctest */;
			productType = "com.apple.product-type.bundle.ui-testing";
		};
/* End PBXNativeTarget section */

/* Begin PBXProject section */
		EA787C0F2316DCBA000AC250 /* Project object */ = {
			isa = PBXProject;
			attributes = {
				LastSwiftUpdateCheck = 1030;
				LastUpgradeCheck = 1030;
				ORGANIZATIONNAME = "Burak Furkan Asilturk";
				TargetAttributes = {
					EA787C162316DCBA000AC250 = {
						CreatedOnToolsVersion = 10.3;
					};
					EA787C2D2316DCBB000AC250 = {
						CreatedOnToolsVersion = 10.3;
						TestTargetID = EA787C162316DCBA000AC250;
					};
					EA787C382316DCBC000AC250 = {
						CreatedOnToolsVersion = 10.3;
						TestTargetID = EA787C162316DCBA000AC250;
					};
				};
			};
			buildConfigurationList = EA787C122316DCBA000AC250 /* Build configuration list for PBXProject "GelecekBilimde" */;
			compatibilityVersion = "Xcode 9.3";
			developmentRegion = en;
			hasScannedForEncodings = 0;
			knownRegions = (
				en,
				Base,
			);
			mainGroup = EA787C0E2316DCBA000AC250;
			productRefGroup = EA787C182316DCBA000AC250 /* Products */;
			projectDirPath = "";
			projectRoot = "";
			targets = (
				EA787C162316DCBA000AC250 /* GelecekBilimde */,
				EA787C2D2316DCBB000AC250 /* GelecekBilimdeTests */,
				EA787C382316DCBC000AC250 /* GelecekBilimdeUITests */,
			);
		};
/* End PBXProject section */

/* Begin PBXResourcesBuildPhase section */
		EA787C152316DCBA000AC250 /* Resources */ = {
			isa = PBXResourcesBuildPhase;
			buildActionMask = 2147483647;
			files = (
				847FFCDB2336A4200013363F /* SF-Pro-Display-Medium.otf in Resources */,
				847FFCE52336AEB70013363F /* Bookmarks.storyboard in Resources */,
				847FFCE72336AF220013363F /* Profile.storyboard in Resources */,
				EA787C282316DCBB000AC250 /* LaunchScreen.storyboard in Resources */,
				847FFCE32336AD7D0013363F /* Videos.storyboard in Resources */,
				847FFCE02336AB100013363F /* Articles.storyboard in Resources */,
				EA787C252316DCBB000AC250 /* Assets.xcassets in Resources */,
				847FFCDE2336A7CD0013363F /* Initial.storyboard in Resources */,
				847FFCDC2336A4200013363F /* SF-Pro-Display-Regular.otf in Resources */,
				EA787C202316DCBA000AC250 /* Login.storyboard in Resources */,
			);
			runOnlyForDeploymentPostprocessing = 0;
		};
		EA787C2C2316DCBB000AC250 /* Resources */ = {
			isa = PBXResourcesBuildPhase;
			buildActionMask = 2147483647;
			files = (
			);
			runOnlyForDeploymentPostprocessing = 0;
		};
		EA787C372316DCBC000AC250 /* Resources */ = {
			isa = PBXResourcesBuildPhase;
			buildActionMask = 2147483647;
			files = (
			);
			runOnlyForDeploymentPostprocessing = 0;
		};
/* End PBXResourcesBuildPhase section */

/* Begin PBXSourcesBuildPhase section */
		EA787C132316DCBA000AC250 /* Sources */ = {
			isa = PBXSourcesBuildPhase;
			buildActionMask = 2147483647;
			files = (
				847FFCEC2336BF960013363F /* ArticlesTableViewController.swift in Sources */,
				847FFCD72336A0250013363F /* LoginViewController.swift in Sources */,
				EA787C1B2316DCBA000AC250 /* AppDelegate.swift in Sources */,
				EA787C232316DCBA000AC250 /* GelecekBilimde.xcdatamodeld in Sources */,
				843A86912337E86500D35507 /* VideosTableViewController.swift in Sources */,
				843A86932337EE7300D35507 /* VideoTableViewCell.swift in Sources */,
				847FFCEE2336C2110013363F /* ArticleTableViewCell.swift in Sources */,
				847FFCE92336B3490013363F /* InitialTabBarViewController.swift in Sources */,
			);
			runOnlyForDeploymentPostprocessing = 0;
		};
		EA787C2A2316DCBB000AC250 /* Sources */ = {
			isa = PBXSourcesBuildPhase;
			buildActionMask = 2147483647;
			files = (
				EA787C332316DCBB000AC250 /* GelecekBilimdeTests.swift in Sources */,
			);
			runOnlyForDeploymentPostprocessing = 0;
		};
		EA787C352316DCBC000AC250 /* Sources */ = {
			isa = PBXSourcesBuildPhase;
			buildActionMask = 2147483647;
			files = (
				EA787C3E2316DCBC000AC250 /* GelecekBilimdeUITests.swift in Sources */,
			);
			runOnlyForDeploymentPostprocessing = 0;
		};
/* End PBXSourcesBuildPhase section */

/* Begin PBXTargetDependency section */
		EA787C302316DCBB000AC250 /* PBXTargetDependency */ = {
			isa = PBXTargetDependency;
			target = EA787C162316DCBA000AC250 /* GelecekBilimde */;
			targetProxy = EA787C2F2316DCBB000AC250 /* PBXContainerItemProxy */;
		};
		EA787C3B2316DCBC000AC250 /* PBXTargetDependency */ = {
			isa = PBXTargetDependency;
			target = EA787C162316DCBA000AC250 /* GelecekBilimde */;
			targetProxy = EA787C3A2316DCBC000AC250 /* PBXContainerItemProxy */;
		};
/* End PBXTargetDependency section */

/* Begin PBXVariantGroup section */
		EA787C1E2316DCBA000AC250 /* Login.storyboard */ = {
			isa = PBXVariantGroup;
			children = (
				EA787C1F2316DCBA000AC250 /* Base */,
			);
			name = Login.storyboard;
			sourceTree = "<group>";
		};
		EA787C262316DCBB000AC250 /* LaunchScreen.storyboard */ = {
			isa = PBXVariantGroup;
			children = (
				EA787C272316DCBB000AC250 /* Base */,
			);
			name = LaunchScreen.storyboard;
			sourceTree = "<group>";
		};
/* End PBXVariantGroup section */

/* Begin XCBuildConfiguration section */
		EA787C402316DCBC000AC250 /* Debug */ = {
			isa = XCBuildConfiguration;
			buildSettings = {
				ALWAYS_SEARCH_USER_PATHS = NO;
				CLANG_ANALYZER_NONNULL = YES;
				CLANG_ANALYZER_NUMBER_OBJECT_CONVERSION = YES_AGGRESSIVE;
				CLANG_CXX_LANGUAGE_STANDARD = "gnu++14";
				CLANG_CXX_LIBRARY = "libc++";
				CLANG_ENABLE_MODULES = YES;
				CLANG_ENABLE_OBJC_ARC = YES;
				CLANG_ENABLE_OBJC_WEAK = YES;
				CLANG_WARN_BLOCK_CAPTURE_AUTORELEASING = YES;
				CLANG_WARN_BOOL_CONVERSION = YES;
				CLANG_WARN_COMMA = YES;
				CLANG_WARN_CONSTANT_CONVERSION = YES;
				CLANG_WARN_DEPRECATED_OBJC_IMPLEMENTATIONS = YES;
				CLANG_WARN_DIRECT_OBJC_ISA_USAGE = YES_ERROR;
				CLANG_WARN_DOCUMENTATION_COMMENTS = YES;
				CLANG_WARN_EMPTY_BODY = YES;
				CLANG_WARN_ENUM_CONVERSION = YES;
				CLANG_WARN_INFINITE_RECURSION = YES;
				CLANG_WARN_INT_CONVERSION = YES;
				CLANG_WARN_NON_LITERAL_NULL_CONVERSION = YES;
				CLANG_WARN_OBJC_IMPLICIT_RETAIN_SELF = YES;
				CLANG_WARN_OBJC_LITERAL_CONVERSION = YES;
				CLANG_WARN_OBJC_ROOT_CLASS = YES_ERROR;
				CLANG_WARN_RANGE_LOOP_ANALYSIS = YES;
				CLANG_WARN_STRICT_PROTOTYPES = YES;
				CLANG_WARN_SUSPICIOUS_MOVE = YES;
				CLANG_WARN_UNGUARDED_AVAILABILITY = YES_AGGRESSIVE;
				CLANG_WARN_UNREACHABLE_CODE = YES;
				CLANG_WARN__DUPLICATE_METHOD_MATCH = YES;
				CODE_SIGN_IDENTITY = "iPhone Developer";
				COPY_PHASE_STRIP = NO;
				DEBUG_INFORMATION_FORMAT = dwarf;
				ENABLE_STRICT_OBJC_MSGSEND = YES;
				ENABLE_TESTABILITY = YES;
				GCC_C_LANGUAGE_STANDARD = gnu11;
				GCC_DYNAMIC_NO_PIC = NO;
				GCC_NO_COMMON_BLOCKS = YES;
				GCC_OPTIMIZATION_LEVEL = 0;
				GCC_PREPROCESSOR_DEFINITIONS = (
					"DEBUG=1",
					"$(inherited)",
				);
				GCC_WARN_64_TO_32_BIT_CONVERSION = YES;
				GCC_WARN_ABOUT_RETURN_TYPE = YES_ERROR;
				GCC_WARN_UNDECLARED_SELECTOR = YES;
				GCC_WARN_UNINITIALIZED_AUTOS = YES_AGGRESSIVE;
				GCC_WARN_UNUSED_FUNCTION = YES;
				GCC_WARN_UNUSED_VARIABLE = YES;
				IPHONEOS_DEPLOYMENT_TARGET = 12.4;
				MTL_ENABLE_DEBUG_INFO = INCLUDE_SOURCE;
				MTL_FAST_MATH = YES;
				ONLY_ACTIVE_ARCH = YES;
				SDKROOT = iphoneos;
				SWIFT_ACTIVE_COMPILATION_CONDITIONS = DEBUG;
				SWIFT_OPTIMIZATION_LEVEL = "-Onone";
			};
			name = Debug;
		};
		EA787C412316DCBC000AC250 /* Release */ = {
			isa = XCBuildConfiguration;
			buildSettings = {
				ALWAYS_SEARCH_USER_PATHS = NO;
				CLANG_ANALYZER_NONNULL = YES;
				CLANG_ANALYZER_NUMBER_OBJECT_CONVERSION = YES_AGGRESSIVE;
				CLANG_CXX_LANGUAGE_STANDARD = "gnu++14";
				CLANG_CXX_LIBRARY = "libc++";
				CLANG_ENABLE_MODULES = YES;
				CLANG_ENABLE_OBJC_ARC = YES;
				CLANG_ENABLE_OBJC_WEAK = YES;
				CLANG_WARN_BLOCK_CAPTURE_AUTORELEASING = YES;
				CLANG_WARN_BOOL_CONVERSION = YES;
				CLANG_WARN_COMMA = YES;
				CLANG_WARN_CONSTANT_CONVERSION = YES;
				CLANG_WARN_DEPRECATED_OBJC_IMPLEMENTATIONS = YES;
				CLANG_WARN_DIRECT_OBJC_ISA_USAGE = YES_ERROR;
				CLANG_WARN_DOCUMENTATION_COMMENTS = YES;
				CLANG_WARN_EMPTY_BODY = YES;
				CLANG_WARN_ENUM_CONVERSION = YES;
				CLANG_WARN_INFINITE_RECURSION = YES;
				CLANG_WARN_INT_CONVERSION = YES;
				CLANG_WARN_NON_LITERAL_NULL_CONVERSION = YES;
				CLANG_WARN_OBJC_IMPLICIT_RETAIN_SELF = YES;
				CLANG_WARN_OBJC_LITERAL_CONVERSION = YES;
				CLANG_WARN_OBJC_ROOT_CLASS = YES_ERROR;
				CLANG_WARN_RANGE_LOOP_ANALYSIS = YES;
				CLANG_WARN_STRICT_PROTOTYPES = YES;
				CLANG_WARN_SUSPICIOUS_MOVE = YES;
				CLANG_WARN_UNGUARDED_AVAILABILITY = YES_AGGRESSIVE;
				CLANG_WARN_UNREACHABLE_CODE = YES;
				CLANG_WARN__DUPLICATE_METHOD_MATCH = YES;
				CODE_SIGN_IDENTITY = "iPhone Developer";
				COPY_PHASE_STRIP = NO;
				DEBUG_INFORMATION_FORMAT = "dwarf-with-dsym";
				ENABLE_NS_ASSERTIONS = NO;
				ENABLE_STRICT_OBJC_MSGSEND = YES;
				GCC_C_LANGUAGE_STANDARD = gnu11;
				GCC_NO_COMMON_BLOCKS = YES;
				GCC_WARN_64_TO_32_BIT_CONVERSION = YES;
				GCC_WARN_ABOUT_RETURN_TYPE = YES_ERROR;
				GCC_WARN_UNDECLARED_SELECTOR = YES;
				GCC_WARN_UNINITIALIZED_AUTOS = YES_AGGRESSIVE;
				GCC_WARN_UNUSED_FUNCTION = YES;
				GCC_WARN_UNUSED_VARIABLE = YES;
				IPHONEOS_DEPLOYMENT_TARGET = 12.4;
				MTL_ENABLE_DEBUG_INFO = NO;
				MTL_FAST_MATH = YES;
				SDKROOT = iphoneos;
				SWIFT_COMPILATION_MODE = wholemodule;
				SWIFT_OPTIMIZATION_LEVEL = "-O";
				VALIDATE_PRODUCT = YES;
			};
			name = Release;
		};
		EA787C432316DCBC000AC250 /* Debug */ = {
			isa = XCBuildConfiguration;
			buildSettings = {
				ASSETCATALOG_COMPILER_APPICON_NAME = AppIcon;
				CODE_SIGN_STYLE = Automatic;
				DEVELOPMENT_TEAM = MTMVBPSRA5;
				INFOPLIST_FILE = GelecekBilimde/Info.plist;
				LD_RUNPATH_SEARCH_PATHS = (
					"$(inherited)",
					"@executable_path/Frameworks",
				);
				PRODUCT_BUNDLE_IDENTIFIER = com.gelecekbilimde.GelecekBilimde;
				PRODUCT_NAME = "$(TARGET_NAME)";
				SWIFT_VERSION = 5.0;
				TARGETED_DEVICE_FAMILY = 1;
			};
			name = Debug;
		};
		EA787C442316DCBC000AC250 /* Release */ = {
			isa = XCBuildConfiguration;
			buildSettings = {
				ASSETCATALOG_COMPILER_APPICON_NAME = AppIcon;
				CODE_SIGN_STYLE = Automatic;
				DEVELOPMENT_TEAM = MTMVBPSRA5;
				INFOPLIST_FILE = GelecekBilimde/Info.plist;
				LD_RUNPATH_SEARCH_PATHS = (
					"$(inherited)",
					"@executable_path/Frameworks",
				);
				PRODUCT_BUNDLE_IDENTIFIER = com.gelecekbilimde.GelecekBilimde;
				PRODUCT_NAME = "$(TARGET_NAME)";
				SWIFT_VERSION = 5.0;
				TARGETED_DEVICE_FAMILY = 1;
			};
			name = Release;
		};
		EA787C462316DCBC000AC250 /* Debug */ = {
			isa = XCBuildConfiguration;
			buildSettings = {
				ALWAYS_EMBED_SWIFT_STANDARD_LIBRARIES = YES;
				BUNDLE_LOADER = "$(TEST_HOST)";
				CODE_SIGN_STYLE = Automatic;
				INFOPLIST_FILE = GelecekBilimdeTests/Info.plist;
				LD_RUNPATH_SEARCH_PATHS = (
					"$(inherited)",
					"@executable_path/Frameworks",
					"@loader_path/Frameworks",
				);
				PRODUCT_BUNDLE_IDENTIFIER = com.gelecekbilimde.GelecekBilimdeTests;
				PRODUCT_NAME = "$(TARGET_NAME)";
				SWIFT_VERSION = 5.0;
				TARGETED_DEVICE_FAMILY = "1,2";
				TEST_HOST = "$(BUILT_PRODUCTS_DIR)/GelecekBilimde.app/GelecekBilimde";
			};
			name = Debug;
		};
		EA787C472316DCBC000AC250 /* Release */ = {
			isa = XCBuildConfiguration;
			buildSettings = {
				ALWAYS_EMBED_SWIFT_STANDARD_LIBRARIES = YES;
				BUNDLE_LOADER = "$(TEST_HOST)";
				CODE_SIGN_STYLE = Automatic;
				INFOPLIST_FILE = GelecekBilimdeTests/Info.plist;
				LD_RUNPATH_SEARCH_PATHS = (
					"$(inherited)",
					"@executable_path/Frameworks",
					"@loader_path/Frameworks",
				);
				PRODUCT_BUNDLE_IDENTIFIER = com.gelecekbilimde.GelecekBilimdeTests;
				PRODUCT_NAME = "$(TARGET_NAME)";
				SWIFT_VERSION = 5.0;
				TARGETED_DEVICE_FAMILY = "1,2";
				TEST_HOST = "$(BUILT_PRODUCTS_DIR)/GelecekBilimde.app/GelecekBilimde";
			};
			name = Release;
		};
		EA787C492316DCBC000AC250 /* Debug */ = {
			isa = XCBuildConfiguration;
			buildSettings = {
				ALWAYS_EMBED_SWIFT_STANDARD_LIBRARIES = YES;
				CODE_SIGN_STYLE = Automatic;
				INFOPLIST_FILE = GelecekBilimdeUITests/Info.plist;
				LD_RUNPATH_SEARCH_PATHS = (
					"$(inherited)",
					"@executable_path/Frameworks",
					"@loader_path/Frameworks",
				);
				PRODUCT_BUNDLE_IDENTIFIER = com.gelecekbilimde.GelecekBilimdeUITests;
				PRODUCT_NAME = "$(TARGET_NAME)";
				SWIFT_VERSION = 5.0;
				TARGETED_DEVICE_FAMILY = "1,2";
				TEST_TARGET_NAME = GelecekBilimde;
			};
			name = Debug;
		};
		EA787C4A2316DCBC000AC250 /* Release */ = {
			isa = XCBuildConfiguration;
			buildSettings = {
				ALWAYS_EMBED_SWIFT_STANDARD_LIBRARIES = YES;
				CODE_SIGN_STYLE = Automatic;
				INFOPLIST_FILE = GelecekBilimdeUITests/Info.plist;
				LD_RUNPATH_SEARCH_PATHS = (
					"$(inherited)",
					"@executable_path/Frameworks",
					"@loader_path/Frameworks",
				);
				PRODUCT_BUNDLE_IDENTIFIER = com.gelecekbilimde.GelecekBilimdeUITests;
				PRODUCT_NAME = "$(TARGET_NAME)";
				SWIFT_VERSION = 5.0;
				TARGETED_DEVICE_FAMILY = "1,2";
				TEST_TARGET_NAME = GelecekBilimde;
			};
			name = Release;
		};
/* End XCBuildConfiguration section */

/* Begin XCConfigurationList section */
		EA787C122316DCBA000AC250 /* Build configuration list for PBXProject "GelecekBilimde" */ = {
			isa = XCConfigurationList;
			buildConfigurations = (
				EA787C402316DCBC000AC250 /* Debug */,
				EA787C412316DCBC000AC250 /* Release */,
			);
			defaultConfigurationIsVisible = 0;
			defaultConfigurationName = Release;
		};
		EA787C422316DCBC000AC250 /* Build configuration list for PBXNativeTarget "GelecekBilimde" */ = {
			isa = XCConfigurationList;
			buildConfigurations = (
				EA787C432316DCBC000AC250 /* Debug */,
				EA787C442316DCBC000AC250 /* Release */,
			);
			defaultConfigurationIsVisible = 0;
			defaultConfigurationName = Release;
		};
		EA787C452316DCBC000AC250 /* Build configuration list for PBXNativeTarget "GelecekBilimdeTests" */ = {
			isa = XCConfigurationList;
			buildConfigurations = (
				EA787C462316DCBC000AC250 /* Debug */,
				EA787C472316DCBC000AC250 /* Release */,
			);
			defaultConfigurationIsVisible = 0;
			defaultConfigurationName = Release;
		};
		EA787C482316DCBC000AC250 /* Build configuration list for PBXNativeTarget "GelecekBilimdeUITests" */ = {
			isa = XCConfigurationList;
			buildConfigurations = (
				EA787C492316DCBC000AC250 /* Debug */,
				EA787C4A2316DCBC000AC250 /* Release */,
			);
			defaultConfigurationIsVisible = 0;
			defaultConfigurationName = Release;
		};
/* End XCConfigurationList section */

/* Begin XCVersionGroup section */
		EA787C212316DCBA000AC250 /* GelecekBilimde.xcdatamodeld */ = {
			isa = XCVersionGroup;
			children = (
				EA787C222316DCBA000AC250 /* GelecekBilimde.xcdatamodel */,
			);
			currentVersion = EA787C222316DCBA000AC250 /* GelecekBilimde.xcdatamodel */;
			path = GelecekBilimde.xcdatamodeld;
			sourceTree = "<group>";
			versionGroupType = wrapper.xcdatamodel;
		};
/* End XCVersionGroup section */
	};
	rootObject = EA787C0F2316DCBA000AC250 /* Project object */;
}
