// !$*UTF8*$!
{
	archiveVersion = 1;
	classes = {
	};
	objectVersion = 52;
	objects = {

/* Begin PBXBuildFile section */
		1632CA4BB3BF58BB962C3CE6 /* Pods_GelecekBilimde.framework in Frameworks */ = {isa = PBXBuildFile; fileRef = D71FBA494C8441007AD0CC3C /* Pods_GelecekBilimde.framework */; };
		840E7F1123F5E4BE008DE850 /* ArticleContentViewController.swift in Sources */ = {isa = PBXBuildFile; fileRef = 840E7F1023F5E4BE008DE850 /* ArticleContentViewController.swift */; };
		841B3D0423F2F7040007A75E /* JGProgressHUD in Frameworks */ = {isa = PBXBuildFile; productRef = 841B3D0323F2F7040007A75E /* JGProgressHUD */; };
		843A86912337E86500D35507 /* VideosTableViewController.swift in Sources */ = {isa = PBXBuildFile; fileRef = 843A86902337E86500D35507 /* VideosTableViewController.swift */; };
		843A86932337EE7300D35507 /* VideoTableViewCell.swift in Sources */ = {isa = PBXBuildFile; fileRef = 843A86922337EE7300D35507 /* VideoTableViewCell.swift */; };
		843A86952337F43200D35507 /* BookmarksViewController.swift in Sources */ = {isa = PBXBuildFile; fileRef = 843A86942337F43200D35507 /* BookmarksViewController.swift */; };
		843A86972337F77E00D35507 /* BookmarkedArticlesTableViewController.swift in Sources */ = {isa = PBXBuildFile; fileRef = 843A86962337F77E00D35507 /* BookmarkedArticlesTableViewController.swift */; };
		843A86992337F7A300D35507 /* BookmarkedVideosTableViewController.swift in Sources */ = {isa = PBXBuildFile; fileRef = 843A86982337F7A300D35507 /* BookmarkedVideosTableViewController.swift */; };
		843D086623F3093300DBF6E8 /* CustomProgressHUD.swift in Sources */ = {isa = PBXBuildFile; fileRef = 843D086523F3093300DBF6E8 /* CustomProgressHUD.swift */; };
		843D086923F31AD300DBF6E8 /* Lottie in Frameworks */ = {isa = PBXBuildFile; productRef = 843D086823F31AD300DBF6E8 /* Lottie */; };
		843D086C23F31C7B00DBF6E8 /* OnboardingViewController.swift in Sources */ = {isa = PBXBuildFile; fileRef = 843D086B23F31C7B00DBF6E8 /* OnboardingViewController.swift */; };
		843D086F23F31D0E00DBF6E8 /* invites-sent.json in Resources */ = {isa = PBXBuildFile; fileRef = 843D086E23F31D0E00DBF6E8 /* invites-sent.json */; };
		847FFCD72336A0250013363F /* LoginViewController.swift in Sources */ = {isa = PBXBuildFile; fileRef = 847FFCD62336A0250013363F /* LoginViewController.swift */; };
		847FFCDB2336A4200013363F /* SF-Pro-Display-Medium.otf in Resources */ = {isa = PBXBuildFile; fileRef = 847FFCD92336A4200013363F /* SF-Pro-Display-Medium.otf */; };
		847FFCDC2336A4200013363F /* SF-Pro-Display-Regular.otf in Resources */ = {isa = PBXBuildFile; fileRef = 847FFCDA2336A4200013363F /* SF-Pro-Display-Regular.otf */; };
		847FFCDE2336A7CD0013363F /* Initial.storyboard in Resources */ = {isa = PBXBuildFile; fileRef = 847FFCDD2336A7CD0013363F /* Initial.storyboard */; };
		847FFCE02336AB100013363F /* Articles.storyboard in Resources */ = {isa = PBXBuildFile; fileRef = 847FFCDF2336AB100013363F /* Articles.storyboard */; };
		847FFCE32336AD7D0013363F /* Videos.storyboard in Resources */ = {isa = PBXBuildFile; fileRef = 847FFCE22336AD7D0013363F /* Videos.storyboard */; };
		847FFCE52336AEB70013363F /* Bookmarks.storyboard in Resources */ = {isa = PBXBuildFile; fileRef = 847FFCE42336AEB70013363F /* Bookmarks.storyboard */; };
		847FFCE72336AF220013363F /* Profile.storyboard in Resources */ = {isa = PBXBuildFile; fileRef = 847FFCE62336AF220013363F /* Profile.storyboard */; };
		847FFCE92336B3490013363F /* InitialTabBarViewController.swift in Sources */ = {isa = PBXBuildFile; fileRef = 847FFCE82336B3490013363F /* InitialTabBarViewController.swift */; };
		847FFCEC2336BF960013363F /* ArticlesTableViewController.swift in Sources */ = {isa = PBXBuildFile; fileRef = 847FFCEB2336BF960013363F /* ArticlesTableViewController.swift */; };
		847FFCEE2336C2110013363F /* ArticleTableViewCell.swift in Sources */ = {isa = PBXBuildFile; fileRef = 847FFCED2336C2110013363F /* ArticleTableViewCell.swift */; };
		84823E1823F6992B00AC832D /* VideoCache.swift in Sources */ = {isa = PBXBuildFile; fileRef = 84823E1723F6992B00AC832D /* VideoCache.swift */; };
		84823E1B23F69B5300AC832D /* VideosViewModel.swift in Sources */ = {isa = PBXBuildFile; fileRef = 84823E1A23F69B5300AC832D /* VideosViewModel.swift */; };
		84823E1F23F6BD9F00AC832D /* VideoContentViewController.swift in Sources */ = {isa = PBXBuildFile; fileRef = 84823E1E23F6BD9F00AC832D /* VideoContentViewController.swift */; };
		8488C6B123F2E7B800575C33 /* GoogleService-Info.plist in Resources */ = {isa = PBXBuildFile; fileRef = 8488C6B023F2E7B800575C33 /* GoogleService-Info.plist */; };
		8488C6B423F2EB4E00575C33 /* GoogleSignInAuth.swift in Sources */ = {isa = PBXBuildFile; fileRef = 8488C6B323F2EB4E00575C33 /* GoogleSignInAuth.swift */; };
		849DAA4223F918E3003C106F /* BookmarkVideoViewModel.swift in Sources */ = {isa = PBXBuildFile; fileRef = 849DAA4123F918E3003C106F /* BookmarkVideoViewModel.swift */; };
		849DAA4423F93799003C106F /* SettingTableViewCell.swift in Sources */ = {isa = PBXBuildFile; fileRef = 849DAA4323F93799003C106F /* SettingTableViewCell.swift */; };
		84A2CBA023FEFCA800220D63 /* SignInWithAppleAuth.swift in Sources */ = {isa = PBXBuildFile; fileRef = 84A2CB9F23FEFCA800220D63 /* SignInWithAppleAuth.swift */; };
		84AD06CF23F726BC0066FF9F /* BookmarkArticleViewModel.swift in Sources */ = {isa = PBXBuildFile; fileRef = 84AD06CE23F726BC0066FF9F /* BookmarkArticleViewModel.swift */; };
		84B77A4723672B2D00AF81D2 /* AppUser.swift in Sources */ = {isa = PBXBuildFile; fileRef = 84B77A4623672B2D00AF81D2 /* AppUser.swift */; };
		84B77A4C236736A800AF81D2 /* UIFont+CustomFonts.swift in Sources */ = {isa = PBXBuildFile; fileRef = 84B77A4B236736A800AF81D2 /* UIFont+CustomFonts.swift */; };
		84B77A51236752AA00AF81D2 /* CurrentUser.swift in Sources */ = {isa = PBXBuildFile; fileRef = 84B77A50236752AA00AF81D2 /* CurrentUser.swift */; };
		84C7B27423F54A0D00821044 /* EndPointType.swift in Sources */ = {isa = PBXBuildFile; fileRef = 84C7B27323F54A0D00821044 /* EndPointType.swift */; };
		84C7B27623F54A3400821044 /* Router.swift in Sources */ = {isa = PBXBuildFile; fileRef = 84C7B27523F54A3400821044 /* Router.swift */; };
		84C7B27823F54A5900821044 /* HTTPMethod.swift in Sources */ = {isa = PBXBuildFile; fileRef = 84C7B27723F54A5900821044 /* HTTPMethod.swift */; };
		84C7B27A23F54A7700821044 /* HTTPTask.swift in Sources */ = {isa = PBXBuildFile; fileRef = 84C7B27923F54A7700821044 /* HTTPTask.swift */; };
		84C7B27C23F54A9D00821044 /* NetworkLogger.swift in Sources */ = {isa = PBXBuildFile; fileRef = 84C7B27B23F54A9D00821044 /* NetworkLogger.swift */; };
		84C7B27F23F54ACB00821044 /* ParameterEncoding.swift in Sources */ = {isa = PBXBuildFile; fileRef = 84C7B27E23F54ACB00821044 /* ParameterEncoding.swift */; };
		84C7B28123F54B1000821044 /* URLParameterEncoding.swift in Sources */ = {isa = PBXBuildFile; fileRef = 84C7B28023F54B1000821044 /* URLParameterEncoding.swift */; };
		84C7B28323F54B3000821044 /* JSONParameterEncoder.swift in Sources */ = {isa = PBXBuildFile; fileRef = 84C7B28223F54B3000821044 /* JSONParameterEncoder.swift */; };
		84C7B28623F54B6200821044 /* NetworkManager.swift in Sources */ = {isa = PBXBuildFile; fileRef = 84C7B28523F54B6200821044 /* NetworkManager.swift */; };
		84C7B28923F54BC900821044 /* ArticleEndPoint.swift in Sources */ = {isa = PBXBuildFile; fileRef = 84C7B28823F54BC900821044 /* ArticleEndPoint.swift */; };
		84C7B28E23F54D3700821044 /* ArticleResponse.swift in Sources */ = {isa = PBXBuildFile; fileRef = 84C7B28D23F54D3700821044 /* ArticleResponse.swift */; };
		84C7B29223F551C800821044 /* ArticleViewModel.swift in Sources */ = {isa = PBXBuildFile; fileRef = 84C7B29123F551C800821044 /* ArticleViewModel.swift */; };
		84C7B29523F555CD00821044 /* ArticleCache.swift in Sources */ = {isa = PBXBuildFile; fileRef = 84C7B29423F555CD00821044 /* ArticleCache.swift */; };
		84C7B29B23F565AD00821044 /* SDWebImage in Frameworks */ = {isa = PBXBuildFile; productRef = 84C7B29A23F565AD00821044 /* SDWebImage */; };
		84C7B29D23F565AD00821044 /* SDWebImageMapKit in Frameworks */ = {isa = PBXBuildFile; productRef = 84C7B29C23F565AD00821044 /* SDWebImageMapKit */; };
		9D777E3E7BBFAE2E09BF3234 /* Pods_GelecekBilimde_GelecekBilimdeUITests.framework in Frameworks */ = {isa = PBXBuildFile; fileRef = D512A83A52CBBB99FC94516D /* Pods_GelecekBilimde_GelecekBilimdeUITests.framework */; };
		EA787C1B2316DCBA000AC250 /* AppDelegate.swift in Sources */ = {isa = PBXBuildFile; fileRef = EA787C1A2316DCBA000AC250 /* AppDelegate.swift */; };
		EA787C202316DCBA000AC250 /* Login.storyboard in Resources */ = {isa = PBXBuildFile; fileRef = EA787C1E2316DCBA000AC250 /* Login.storyboard */; };
		EA787C252316DCBB000AC250 /* Assets.xcassets in Resources */ = {isa = PBXBuildFile; fileRef = EA787C242316DCBB000AC250 /* Assets.xcassets */; };
		EA787C282316DCBB000AC250 /* LaunchScreen.storyboard in Resources */ = {isa = PBXBuildFile; fileRef = EA787C262316DCBB000AC250 /* LaunchScreen.storyboard */; };
		EA787C332316DCBB000AC250 /* GelecekBilimdeTests.swift in Sources */ = {isa = PBXBuildFile; fileRef = EA787C322316DCBB000AC250 /* GelecekBilimdeTests.swift */; };
		EA787C3E2316DCBC000AC250 /* GelecekBilimdeUITests.swift in Sources */ = {isa = PBXBuildFile; fileRef = EA787C3D2316DCBC000AC250 /* GelecekBilimdeUITests.swift */; };
		EA99566B23426187006C91FE /* Destination.swift in Sources */ = {isa = PBXBuildFile; fileRef = EA99566A23426187006C91FE /* Destination.swift */; };
		EA99566E234265BC006C91FE /* ProfileViewController.swift in Sources */ = {isa = PBXBuildFile; fileRef = EA99566D234265BC006C91FE /* ProfileViewController.swift */; };
		EA995671234266A6006C91FE /* UIColor+CustomColors.swift in Sources */ = {isa = PBXBuildFile; fileRef = EA995670234266A6006C91FE /* UIColor+CustomColors.swift */; };
		F73F1D4B3625F8AFEB802496 /* Pods_GelecekBilimdeTests.framework in Frameworks */ = {isa = PBXBuildFile; fileRef = AC516C8F24A25823F27AFD80 /* Pods_GelecekBilimdeTests.framework */; };
/* End PBXBuildFile section */

/* Begin PBXContainerItemProxy section */
		EA787C2F2316DCBB000AC250 /* PBXContainerItemProxy */ = {
			isa = PBXContainerItemProxy;
			containerPortal = EA787C0F2316DCBA000AC250 /* Project object */;
			proxyType = 1;
			remoteGlobalIDString = EA787C162316DCBA000AC250;
			remoteInfo = GelecekBilimde;
		};
		EA787C3A2316DCBC000AC250 /* PBXContainerItemProxy */ = {
			isa = PBXContainerItemProxy;
			containerPortal = EA787C0F2316DCBA000AC250 /* Project object */;
			proxyType = 1;
			remoteGlobalIDString = EA787C162316DCBA000AC250;
			remoteInfo = GelecekBilimde;
		};
/* End PBXContainerItemProxy section */

/* Begin PBXFileReference section */
		19B127585DC0CFF2E3463C79 /* Pods-GelecekBilimde-GelecekBilimdeUITests.release.xcconfig */ = {isa = PBXFileReference; includeInIndex = 1; lastKnownFileType = text.xcconfig; name = "Pods-GelecekBilimde-GelecekBilimdeUITests.release.xcconfig"; path = "Target Support Files/Pods-GelecekBilimde-GelecekBilimdeUITests/Pods-GelecekBilimde-GelecekBilimdeUITests.release.xcconfig"; sourceTree = "<group>"; };
		57767462EFE4EB65822407F7 /* Pods-GelecekBilimde.release.xcconfig */ = {isa = PBXFileReference; includeInIndex = 1; lastKnownFileType = text.xcconfig; name = "Pods-GelecekBilimde.release.xcconfig"; path = "Target Support Files/Pods-GelecekBilimde/Pods-GelecekBilimde.release.xcconfig"; sourceTree = "<group>"; };
		840E7F1023F5E4BE008DE850 /* ArticleContentViewController.swift */ = {isa = PBXFileReference; lastKnownFileType = sourcecode.swift; path = ArticleContentViewController.swift; sourceTree = "<group>"; };
		843A86902337E86500D35507 /* VideosTableViewController.swift */ = {isa = PBXFileReference; lastKnownFileType = sourcecode.swift; path = VideosTableViewController.swift; sourceTree = "<group>"; };
		843A86922337EE7300D35507 /* VideoTableViewCell.swift */ = {isa = PBXFileReference; lastKnownFileType = sourcecode.swift; path = VideoTableViewCell.swift; sourceTree = "<group>"; };
		843A86942337F43200D35507 /* BookmarksViewController.swift */ = {isa = PBXFileReference; lastKnownFileType = sourcecode.swift; path = BookmarksViewController.swift; sourceTree = "<group>"; };
		843A86962337F77E00D35507 /* BookmarkedArticlesTableViewController.swift */ = {isa = PBXFileReference; lastKnownFileType = sourcecode.swift; path = BookmarkedArticlesTableViewController.swift; sourceTree = "<group>"; };
		843A86982337F7A300D35507 /* BookmarkedVideosTableViewController.swift */ = {isa = PBXFileReference; lastKnownFileType = sourcecode.swift; path = BookmarkedVideosTableViewController.swift; sourceTree = "<group>"; };
		843D086523F3093300DBF6E8 /* CustomProgressHUD.swift */ = {isa = PBXFileReference; lastKnownFileType = sourcecode.swift; path = CustomProgressHUD.swift; sourceTree = "<group>"; };
		843D086B23F31C7B00DBF6E8 /* OnboardingViewController.swift */ = {isa = PBXFileReference; lastKnownFileType = sourcecode.swift; path = OnboardingViewController.swift; sourceTree = "<group>"; };
		843D086E23F31D0E00DBF6E8 /* invites-sent.json */ = {isa = PBXFileReference; fileEncoding = 4; lastKnownFileType = text.json; path = "invites-sent.json"; sourceTree = "<group>"; };
		847FFCD62336A0250013363F /* LoginViewController.swift */ = {isa = PBXFileReference; lastKnownFileType = sourcecode.swift; path = LoginViewController.swift; sourceTree = "<group>"; };
		847FFCD92336A4200013363F /* SF-Pro-Display-Medium.otf */ = {isa = PBXFileReference; lastKnownFileType = file; path = "SF-Pro-Display-Medium.otf"; sourceTree = "<group>"; };
		847FFCDA2336A4200013363F /* SF-Pro-Display-Regular.otf */ = {isa = PBXFileReference; lastKnownFileType = file; path = "SF-Pro-Display-Regular.otf"; sourceTree = "<group>"; };
		847FFCDD2336A7CD0013363F /* Initial.storyboard */ = {isa = PBXFileReference; lastKnownFileType = file.storyboard; path = Initial.storyboard; sourceTree = "<group>"; };
		847FFCDF2336AB100013363F /* Articles.storyboard */ = {isa = PBXFileReference; lastKnownFileType = file.storyboard; path = Articles.storyboard; sourceTree = "<group>"; };
		847FFCE22336AD7D0013363F /* Videos.storyboard */ = {isa = PBXFileReference; lastKnownFileType = file.storyboard; path = Videos.storyboard; sourceTree = "<group>"; };
		847FFCE42336AEB70013363F /* Bookmarks.storyboard */ = {isa = PBXFileReference; lastKnownFileType = file.storyboard; path = Bookmarks.storyboard; sourceTree = "<group>"; };
		847FFCE62336AF220013363F /* Profile.storyboard */ = {isa = PBXFileReference; lastKnownFileType = file.storyboard; path = Profile.storyboard; sourceTree = "<group>"; };
		847FFCE82336B3490013363F /* InitialTabBarViewController.swift */ = {isa = PBXFileReference; lastKnownFileType = sourcecode.swift; path = InitialTabBarViewController.swift; sourceTree = "<group>"; };
		847FFCEB2336BF960013363F /* ArticlesTableViewController.swift */ = {isa = PBXFileReference; lastKnownFileType = sourcecode.swift; path = ArticlesTableViewController.swift; sourceTree = "<group>"; };
		847FFCED2336C2110013363F /* ArticleTableViewCell.swift */ = {isa = PBXFileReference; lastKnownFileType = sourcecode.swift; path = ArticleTableViewCell.swift; sourceTree = "<group>"; };
		84823E1723F6992B00AC832D /* VideoCache.swift */ = {isa = PBXFileReference; lastKnownFileType = sourcecode.swift; path = VideoCache.swift; sourceTree = "<group>"; };
		84823E1A23F69B5300AC832D /* VideosViewModel.swift */ = {isa = PBXFileReference; lastKnownFileType = sourcecode.swift; path = VideosViewModel.swift; sourceTree = "<group>"; };
		84823E1E23F6BD9F00AC832D /* VideoContentViewController.swift */ = {isa = PBXFileReference; lastKnownFileType = sourcecode.swift; path = VideoContentViewController.swift; sourceTree = "<group>"; };
		8488C6B023F2E7B800575C33 /* GoogleService-Info.plist */ = {isa = PBXFileReference; fileEncoding = 4; lastKnownFileType = text.plist.xml; path = "GoogleService-Info.plist"; sourceTree = "<group>"; };
		8488C6B323F2EB4E00575C33 /* GoogleSignInAuth.swift */ = {isa = PBXFileReference; lastKnownFileType = sourcecode.swift; path = GoogleSignInAuth.swift; sourceTree = "<group>"; };
		849DAA4123F918E3003C106F /* BookmarkVideoViewModel.swift */ = {isa = PBXFileReference; lastKnownFileType = sourcecode.swift; path = BookmarkVideoViewModel.swift; sourceTree = "<group>"; };
		849DAA4323F93799003C106F /* SettingTableViewCell.swift */ = {isa = PBXFileReference; lastKnownFileType = sourcecode.swift; path = SettingTableViewCell.swift; sourceTree = "<group>"; };
		84A2CB9E23FEFBBA00220D63 /* GelecekBilimde.entitlements */ = {isa = PBXFileReference; lastKnownFileType = text.plist.entitlements; path = GelecekBilimde.entitlements; sourceTree = "<group>"; };
		84A2CB9F23FEFCA800220D63 /* SignInWithAppleAuth.swift */ = {isa = PBXFileReference; lastKnownFileType = sourcecode.swift; path = SignInWithAppleAuth.swift; sourceTree = "<group>"; };
		84A9E94023F326C0000C7D88 /* AppAuth.framework */ = {isa = PBXFileReference; explicitFileType = wrapper.framework; path = AppAuth.framework; sourceTree = BUILT_PRODUCTS_DIR; };
		84A9E94623F32B08000C7D88 /* AppAuth.framework */ = {isa = PBXFileReference; explicitFileType = wrapper.framework; path = AppAuth.framework; sourceTree = BUILT_PRODUCTS_DIR; };
		84A9E94A23F32B1B000C7D88 /* GTMAppAuth.framework */ = {isa = PBXFileReference; explicitFileType = wrapper.framework; path = GTMAppAuth.framework; sourceTree = BUILT_PRODUCTS_DIR; };
		84AD06CE23F726BC0066FF9F /* BookmarkArticleViewModel.swift */ = {isa = PBXFileReference; lastKnownFileType = sourcecode.swift; path = BookmarkArticleViewModel.swift; sourceTree = "<group>"; };
		84B77A4623672B2D00AF81D2 /* AppUser.swift */ = {isa = PBXFileReference; lastKnownFileType = sourcecode.swift; path = AppUser.swift; sourceTree = "<group>"; };
		84B77A4B236736A800AF81D2 /* UIFont+CustomFonts.swift */ = {isa = PBXFileReference; lastKnownFileType = sourcecode.swift; path = "UIFont+CustomFonts.swift"; sourceTree = "<group>"; };
		84B77A50236752AA00AF81D2 /* CurrentUser.swift */ = {isa = PBXFileReference; lastKnownFileType = sourcecode.swift; path = CurrentUser.swift; sourceTree = "<group>"; };
		84C7B27323F54A0D00821044 /* EndPointType.swift */ = {isa = PBXFileReference; lastKnownFileType = sourcecode.swift; path = EndPointType.swift; sourceTree = "<group>"; };
		84C7B27523F54A3400821044 /* Router.swift */ = {isa = PBXFileReference; lastKnownFileType = sourcecode.swift; path = Router.swift; sourceTree = "<group>"; };
		84C7B27723F54A5900821044 /* HTTPMethod.swift */ = {isa = PBXFileReference; lastKnownFileType = sourcecode.swift; path = HTTPMethod.swift; sourceTree = "<group>"; };
		84C7B27923F54A7700821044 /* HTTPTask.swift */ = {isa = PBXFileReference; lastKnownFileType = sourcecode.swift; path = HTTPTask.swift; sourceTree = "<group>"; };
		84C7B27B23F54A9D00821044 /* NetworkLogger.swift */ = {isa = PBXFileReference; lastKnownFileType = sourcecode.swift; path = NetworkLogger.swift; sourceTree = "<group>"; };
		84C7B27E23F54ACB00821044 /* ParameterEncoding.swift */ = {isa = PBXFileReference; lastKnownFileType = sourcecode.swift; path = ParameterEncoding.swift; sourceTree = "<group>"; };
		84C7B28023F54B1000821044 /* URLParameterEncoding.swift */ = {isa = PBXFileReference; lastKnownFileType = sourcecode.swift; path = URLParameterEncoding.swift; sourceTree = "<group>"; };
		84C7B28223F54B3000821044 /* JSONParameterEncoder.swift */ = {isa = PBXFileReference; lastKnownFileType = sourcecode.swift; path = JSONParameterEncoder.swift; sourceTree = "<group>"; };
		84C7B28523F54B6200821044 /* NetworkManager.swift */ = {isa = PBXFileReference; lastKnownFileType = sourcecode.swift; path = NetworkManager.swift; sourceTree = "<group>"; };
		84C7B28823F54BC900821044 /* ArticleEndPoint.swift */ = {isa = PBXFileReference; lastKnownFileType = sourcecode.swift; path = ArticleEndPoint.swift; sourceTree = "<group>"; };
		84C7B28D23F54D3700821044 /* ArticleResponse.swift */ = {isa = PBXFileReference; lastKnownFileType = sourcecode.swift; path = ArticleResponse.swift; sourceTree = "<group>"; };
		84C7B29123F551C800821044 /* ArticleViewModel.swift */ = {isa = PBXFileReference; lastKnownFileType = sourcecode.swift; path = ArticleViewModel.swift; sourceTree = "<group>"; };
		84C7B29423F555CD00821044 /* ArticleCache.swift */ = {isa = PBXFileReference; lastKnownFileType = sourcecode.swift; path = ArticleCache.swift; sourceTree = "<group>"; };
		963FF8D520FD9DABF82BF9BB /* Pods-GelecekBilimde-GelecekBilimdeUITests.debug.xcconfig */ = {isa = PBXFileReference; includeInIndex = 1; lastKnownFileType = text.xcconfig; name = "Pods-GelecekBilimde-GelecekBilimdeUITests.debug.xcconfig"; path = "Target Support Files/Pods-GelecekBilimde-GelecekBilimdeUITests/Pods-GelecekBilimde-GelecekBilimdeUITests.debug.xcconfig"; sourceTree = "<group>"; };
		9BD33AF99B81AF0DC23FF204 /* Pods-GelecekBilimde.debug.xcconfig */ = {isa = PBXFileReference; includeInIndex = 1; lastKnownFileType = text.xcconfig; name = "Pods-GelecekBilimde.debug.xcconfig"; path = "Target Support Files/Pods-GelecekBilimde/Pods-GelecekBilimde.debug.xcconfig"; sourceTree = "<group>"; };
		AAD2CDBAF8BBAD5F950186DB /* Pods-GelecekBilimdeTests.release.xcconfig */ = {isa = PBXFileReference; includeInIndex = 1; lastKnownFileType = text.xcconfig; name = "Pods-GelecekBilimdeTests.release.xcconfig"; path = "Target Support Files/Pods-GelecekBilimdeTests/Pods-GelecekBilimdeTests.release.xcconfig"; sourceTree = "<group>"; };
		AC516C8F24A25823F27AFD80 /* Pods_GelecekBilimdeTests.framework */ = {isa = PBXFileReference; explicitFileType = wrapper.framework; includeInIndex = 0; path = Pods_GelecekBilimdeTests.framework; sourceTree = BUILT_PRODUCTS_DIR; };
		C0DFD65AE340F2538B6B9C2B /* Pods-GelecekBilimdeTests.debug.xcconfig */ = {isa = PBXFileReference; includeInIndex = 1; lastKnownFileType = text.xcconfig; name = "Pods-GelecekBilimdeTests.debug.xcconfig"; path = "Target Support Files/Pods-GelecekBilimdeTests/Pods-GelecekBilimdeTests.debug.xcconfig"; sourceTree = "<group>"; };
		D512A83A52CBBB99FC94516D /* Pods_GelecekBilimde_GelecekBilimdeUITests.framework */ = {isa = PBXFileReference; explicitFileType = wrapper.framework; includeInIndex = 0; path = Pods_GelecekBilimde_GelecekBilimdeUITests.framework; sourceTree = BUILT_PRODUCTS_DIR; };
		D71FBA494C8441007AD0CC3C /* Pods_GelecekBilimde.framework */ = {isa = PBXFileReference; explicitFileType = wrapper.framework; includeInIndex = 0; path = Pods_GelecekBilimde.framework; sourceTree = BUILT_PRODUCTS_DIR; };
		EA787C172316DCBA000AC250 /* GelecekBilimde.app */ = {isa = PBXFileReference; explicitFileType = wrapper.application; includeInIndex = 0; path = GelecekBilimde.app; sourceTree = BUILT_PRODUCTS_DIR; };
		EA787C1A2316DCBA000AC250 /* AppDelegate.swift */ = {isa = PBXFileReference; lastKnownFileType = sourcecode.swift; path = AppDelegate.swift; sourceTree = "<group>"; };
		EA787C1F2316DCBA000AC250 /* Base */ = {isa = PBXFileReference; lastKnownFileType = file.storyboard; name = Base; path = Base.lproj/Login.storyboard; sourceTree = "<group>"; };
		EA787C242316DCBB000AC250 /* Assets.xcassets */ = {isa = PBXFileReference; lastKnownFileType = folder.assetcatalog; path = Assets.xcassets; sourceTree = "<group>"; };
		EA787C272316DCBB000AC250 /* Base */ = {isa = PBXFileReference; lastKnownFileType = file.storyboard; name = Base; path = Base.lproj/LaunchScreen.storyboard; sourceTree = "<group>"; };
		EA787C292316DCBB000AC250 /* Info.plist */ = {isa = PBXFileReference; lastKnownFileType = text.plist.xml; path = Info.plist; sourceTree = "<group>"; };
		EA787C2E2316DCBB000AC250 /* GelecekBilimdeTests.xctest */ = {isa = PBXFileReference; explicitFileType = wrapper.cfbundle; includeInIndex = 0; path = GelecekBilimdeTests.xctest; sourceTree = BUILT_PRODUCTS_DIR; };
		EA787C322316DCBB000AC250 /* GelecekBilimdeTests.swift */ = {isa = PBXFileReference; lastKnownFileType = sourcecode.swift; path = GelecekBilimdeTests.swift; sourceTree = "<group>"; };
		EA787C342316DCBB000AC250 /* Info.plist */ = {isa = PBXFileReference; lastKnownFileType = text.plist.xml; path = Info.plist; sourceTree = "<group>"; };
		EA787C392316DCBC000AC250 /* GelecekBilimdeUITests.xctest */ = {isa = PBXFileReference; explicitFileType = wrapper.cfbundle; includeInIndex = 0; path = GelecekBilimdeUITests.xctest; sourceTree = BUILT_PRODUCTS_DIR; };
		EA787C3D2316DCBC000AC250 /* GelecekBilimdeUITests.swift */ = {isa = PBXFileReference; lastKnownFileType = sourcecode.swift; path = GelecekBilimdeUITests.swift; sourceTree = "<group>"; };
		EA787C3F2316DCBC000AC250 /* Info.plist */ = {isa = PBXFileReference; lastKnownFileType = text.plist.xml; path = Info.plist; sourceTree = "<group>"; };
		EA99566A23426187006C91FE /* Destination.swift */ = {isa = PBXFileReference; lastKnownFileType = sourcecode.swift; path = Destination.swift; sourceTree = "<group>"; };
		EA99566D234265BC006C91FE /* ProfileViewController.swift */ = {isa = PBXFileReference; lastKnownFileType = sourcecode.swift; path = ProfileViewController.swift; sourceTree = "<group>"; };
		EA995670234266A6006C91FE /* UIColor+CustomColors.swift */ = {isa = PBXFileReference; lastKnownFileType = sourcecode.swift; path = "UIColor+CustomColors.swift"; sourceTree = "<group>"; };
/* End PBXFileReference section */

/* Begin PBXFrameworksBuildPhase section */
		EA787C142316DCBA000AC250 /* Frameworks */ = {
			isa = PBXFrameworksBuildPhase;
			buildActionMask = 2147483647;
			files = (
				841B3D0423F2F7040007A75E /* JGProgressHUD in Frameworks */,
				84C7B29D23F565AD00821044 /* SDWebImageMapKit in Frameworks */,
				843D086923F31AD300DBF6E8 /* Lottie in Frameworks */,
				84C7B29B23F565AD00821044 /* SDWebImage in Frameworks */,
				1632CA4BB3BF58BB962C3CE6 /* Pods_GelecekBilimde.framework in Frameworks */,
			);
			runOnlyForDeploymentPostprocessing = 0;
		};
		EA787C2B2316DCBB000AC250 /* Frameworks */ = {
			isa = PBXFrameworksBuildPhase;
			buildActionMask = 2147483647;
			files = (
				F73F1D4B3625F8AFEB802496 /* Pods_GelecekBilimdeTests.framework in Frameworks */,
			);
			runOnlyForDeploymentPostprocessing = 0;
		};
		EA787C362316DCBC000AC250 /* Frameworks */ = {
			isa = PBXFrameworksBuildPhase;
			buildActionMask = 2147483647;
			files = (
				9D777E3E7BBFAE2E09BF3234 /* Pods_GelecekBilimde_GelecekBilimdeUITests.framework in Frameworks */,
			);
			runOnlyForDeploymentPostprocessing = 0;
		};
/* End PBXFrameworksBuildPhase section */

/* Begin PBXGroup section */
		69DB0F34BD0E5519637A321E /* Pods */ = {
			isa = PBXGroup;
			children = (
				9BD33AF99B81AF0DC23FF204 /* Pods-GelecekBilimde.debug.xcconfig */,
				57767462EFE4EB65822407F7 /* Pods-GelecekBilimde.release.xcconfig */,
				963FF8D520FD9DABF82BF9BB /* Pods-GelecekBilimde-GelecekBilimdeUITests.debug.xcconfig */,
				19B127585DC0CFF2E3463C79 /* Pods-GelecekBilimde-GelecekBilimdeUITests.release.xcconfig */,
				C0DFD65AE340F2538B6B9C2B /* Pods-GelecekBilimdeTests.debug.xcconfig */,
				AAD2CDBAF8BBAD5F950186DB /* Pods-GelecekBilimdeTests.release.xcconfig */,
			);
			path = Pods;
			sourceTree = "<group>";
		};
		840E7F0E23F5E480008DE850 /* Article Content */ = {
			isa = PBXGroup;
			children = (
				840E7F0F23F5E48E008DE850 /* Controller */,
			);
			path = "Article Content";
			sourceTree = "<group>";
		};
		840E7F0F23F5E48E008DE850 /* Controller */ = {
			isa = PBXGroup;
			children = (
				840E7F1023F5E4BE008DE850 /* ArticleContentViewController.swift */,
			);
			path = Controller;
			sourceTree = "<group>";
		};
		841B3CF523F2F5560007A75E /* App */ = {
			isa = PBXGroup;
			children = (
				84823E1C23F6BD8000AC832D /* Video Content */,
				840E7F0E23F5E480008DE850 /* Article Content */,
				843D086A23F31C5100DBF6E8 /* Onboarding */,
				841B3D0023F2F62F0007A75E /* Bookmarks */,
				841B3CFE23F2F60E0007A75E /* Profile */,
				841B3CFC23F2F5EA0007A75E /* Videos */,
				841B3CFA23F2F5B90007A75E /* Articles */,
				841B3CF823F2F5830007A75E /* TabBar */,
				841B3CF623F2F5640007A75E /* Login */,
			);
			path = App;
			sourceTree = "<group>";
		};
		841B3CF623F2F5640007A75E /* Login */ = {
			isa = PBXGroup;
			children = (
				841B3CF723F2F56B0007A75E /* Controller */,
			);
			path = Login;
			sourceTree = "<group>";
		};
		841B3CF723F2F56B0007A75E /* Controller */ = {
			isa = PBXGroup;
			children = (
				847FFCD62336A0250013363F /* LoginViewController.swift */,
			);
			path = Controller;
			sourceTree = "<group>";
		};
		841B3CF823F2F5830007A75E /* TabBar */ = {
			isa = PBXGroup;
			children = (
				841B3CF923F2F5AA0007A75E /* Controller */,
			);
			path = TabBar;
			sourceTree = "<group>";
		};
		841B3CF923F2F5AA0007A75E /* Controller */ = {
			isa = PBXGroup;
			children = (
				847FFCE82336B3490013363F /* InitialTabBarViewController.swift */,
			);
			path = Controller;
			sourceTree = "<group>";
		};
		841B3CFA23F2F5B90007A75E /* Articles */ = {
			isa = PBXGroup;
			children = (
				84C7B29023F551A300821044 /* ViewModel */,
				841B3CFB23F2F5CB0007A75E /* Controller */,
			);
			path = Articles;
			sourceTree = "<group>";
		};
		841B3CFB23F2F5CB0007A75E /* Controller */ = {
			isa = PBXGroup;
			children = (
				847FFCEB2336BF960013363F /* ArticlesTableViewController.swift */,
			);
			path = Controller;
			sourceTree = "<group>";
		};
		841B3CFC23F2F5EA0007A75E /* Videos */ = {
			isa = PBXGroup;
			children = (
				84823E1923F69B3F00AC832D /* ViewModel */,
				841B3CFD23F2F6030007A75E /* Controller */,
			);
			path = Videos;
			sourceTree = "<group>";
		};
		841B3CFD23F2F6030007A75E /* Controller */ = {
			isa = PBXGroup;
			children = (
				843A86902337E86500D35507 /* VideosTableViewController.swift */,
			);
			path = Controller;
			sourceTree = "<group>";
		};
		841B3CFE23F2F60E0007A75E /* Profile */ = {
			isa = PBXGroup;
			children = (
				841B3CFF23F2F6210007A75E /* Controller */,
			);
			path = Profile;
			sourceTree = "<group>";
		};
		841B3CFF23F2F6210007A75E /* Controller */ = {
			isa = PBXGroup;
			children = (
				EA99566D234265BC006C91FE /* ProfileViewController.swift */,
			);
			path = Controller;
			sourceTree = "<group>";
		};
		841B3D0023F2F62F0007A75E /* Bookmarks */ = {
			isa = PBXGroup;
			children = (
				84AD06CD23F7269C0066FF9F /* ViewModel */,
				841B3D0123F2F63A0007A75E /* Controller */,
			);
			path = Bookmarks;
			sourceTree = "<group>";
		};
		841B3D0123F2F63A0007A75E /* Controller */ = {
			isa = PBXGroup;
			children = (
				843A86942337F43200D35507 /* BookmarksViewController.swift */,
				843A86962337F77E00D35507 /* BookmarkedArticlesTableViewController.swift */,
				843A86982337F7A300D35507 /* BookmarkedVideosTableViewController.swift */,
			);
			path = Controller;
			sourceTree = "<group>";
		};
		843D086423F3091D00DBF6E8 /* CustomHUD */ = {
			isa = PBXGroup;
			children = (
				843D086523F3093300DBF6E8 /* CustomProgressHUD.swift */,
			);
			path = CustomHUD;
			sourceTree = "<group>";
		};
		843D086A23F31C5100DBF6E8 /* Onboarding */ = {
			isa = PBXGroup;
			children = (
				843D086D23F31C8900DBF6E8 /* Controller */,
			);
			path = Onboarding;
			sourceTree = "<group>";
		};
		843D086D23F31C8900DBF6E8 /* Controller */ = {
			isa = PBXGroup;
			children = (
				843D086B23F31C7B00DBF6E8 /* OnboardingViewController.swift */,
			);
			path = Controller;
			sourceTree = "<group>";
		};
		847FFCD423369F830013363F /* Storyboards */ = {
			isa = PBXGroup;
			children = (
				EA787C1E2316DCBA000AC250 /* Login.storyboard */,
				847FFCDD2336A7CD0013363F /* Initial.storyboard */,
				847FFCDF2336AB100013363F /* Articles.storyboard */,
				847FFCE22336AD7D0013363F /* Videos.storyboard */,
				847FFCE42336AEB70013363F /* Bookmarks.storyboard */,
				847FFCE62336AF220013363F /* Profile.storyboard */,
			);
			path = Storyboards;
			sourceTree = "<group>";
		};
		847FFCD82336A3C30013363F /* Fonts */ = {
			isa = PBXGroup;
			children = (
				847FFCD92336A4200013363F /* SF-Pro-Display-Medium.otf */,
				847FFCDA2336A4200013363F /* SF-Pro-Display-Regular.otf */,
			);
			path = Fonts;
			sourceTree = "<group>";
		};
		847FFCEA2336B59A0013363F /* Custom Cells */ = {
			isa = PBXGroup;
			children = (
				847FFCED2336C2110013363F /* ArticleTableViewCell.swift */,
				843A86922337EE7300D35507 /* VideoTableViewCell.swift */,
				849DAA4323F93799003C106F /* SettingTableViewCell.swift */,
			);
			path = "Custom Cells";
			sourceTree = "<group>";
		};
		84823E1923F69B3F00AC832D /* ViewModel */ = {
			isa = PBXGroup;
			children = (
				84823E1A23F69B5300AC832D /* VideosViewModel.swift */,
			);
			path = ViewModel;
			sourceTree = "<group>";
		};
		84823E1C23F6BD8000AC832D /* Video Content */ = {
			isa = PBXGroup;
			children = (
				84823E1D23F6BD8B00AC832D /* Controller */,
			);
			path = "Video Content";
			sourceTree = "<group>";
		};
		84823E1D23F6BD8B00AC832D /* Controller */ = {
			isa = PBXGroup;
			children = (
				84823E1E23F6BD9F00AC832D /* VideoContentViewController.swift */,
			);
			path = Controller;
			sourceTree = "<group>";
		};
		8488C6B223F2EB0E00575C33 /* Authentication */ = {
			isa = PBXGroup;
			children = (
				8488C6B323F2EB4E00575C33 /* GoogleSignInAuth.swift */,
				84A2CB9F23FEFCA800220D63 /* SignInWithAppleAuth.swift */,
			);
			path = Authentication;
			sourceTree = "<group>";
		};
		84AD06CD23F7269C0066FF9F /* ViewModel */ = {
			isa = PBXGroup;
			children = (
				84AD06CE23F726BC0066FF9F /* BookmarkArticleViewModel.swift */,
				849DAA4123F918E3003C106F /* BookmarkVideoViewModel.swift */,
			);
			path = ViewModel;
			sourceTree = "<group>";
		};
		84B77A42236728E700AF81D2 /* Networking */ = {
			isa = PBXGroup;
			children = (
				84C7B28723F54B9D00821044 /* EndPoint */,
				84C7B28423F54B5000821044 /* Manager */,
				84C7B27D23F54AAF00821044 /* Encoding */,
				84C7B27223F549D800821044 /* Service */,
				8488C6B223F2EB0E00575C33 /* Authentication */,
			);
			path = Networking;
			sourceTree = "<group>";
		};
		84B77A4523672B1700AF81D2 /* Models */ = {
			isa = PBXGroup;
			children = (
				84C7B29323F555B100821044 /* Cache Models */,
				84C7B28C23F54D0B00821044 /* API Request Models */,
				84C7B28B23F54CF500821044 /* Auth Models */,
				84C7B28A23F54CE600821044 /* Singleton Models */,
			);
			path = Models;
			sourceTree = "<group>";
		};
		84C7B27223F549D800821044 /* Service */ = {
			isa = PBXGroup;
			children = (
				84C7B27323F54A0D00821044 /* EndPointType.swift */,
				84C7B27523F54A3400821044 /* Router.swift */,
				84C7B27723F54A5900821044 /* HTTPMethod.swift */,
				84C7B27923F54A7700821044 /* HTTPTask.swift */,
				84C7B27B23F54A9D00821044 /* NetworkLogger.swift */,
			);
			path = Service;
			sourceTree = "<group>";
		};
		84C7B27D23F54AAF00821044 /* Encoding */ = {
			isa = PBXGroup;
			children = (
				84C7B27E23F54ACB00821044 /* ParameterEncoding.swift */,
				84C7B28023F54B1000821044 /* URLParameterEncoding.swift */,
				84C7B28223F54B3000821044 /* JSONParameterEncoder.swift */,
			);
			path = Encoding;
			sourceTree = "<group>";
		};
		84C7B28423F54B5000821044 /* Manager */ = {
			isa = PBXGroup;
			children = (
				84C7B28523F54B6200821044 /* NetworkManager.swift */,
			);
			path = Manager;
			sourceTree = "<group>";
		};
		84C7B28723F54B9D00821044 /* EndPoint */ = {
			isa = PBXGroup;
			children = (
				84C7B28823F54BC900821044 /* ArticleEndPoint.swift */,
			);
			path = EndPoint;
			sourceTree = "<group>";
		};
		84C7B28A23F54CE600821044 /* Singleton Models */ = {
			isa = PBXGroup;
			children = (
				84B77A50236752AA00AF81D2 /* CurrentUser.swift */,
			);
			path = "Singleton Models";
			sourceTree = "<group>";
		};
		84C7B28B23F54CF500821044 /* Auth Models */ = {
			isa = PBXGroup;
			children = (
				84B77A4623672B2D00AF81D2 /* AppUser.swift */,
			);
			path = "Auth Models";
			sourceTree = "<group>";
		};
		84C7B28C23F54D0B00821044 /* API Request Models */ = {
			isa = PBXGroup;
			children = (
				84C7B28D23F54D3700821044 /* ArticleResponse.swift */,
			);
			path = "API Request Models";
			sourceTree = "<group>";
		};
		84C7B29023F551A300821044 /* ViewModel */ = {
			isa = PBXGroup;
			children = (
				84C7B29123F551C800821044 /* ArticleViewModel.swift */,
			);
			path = ViewModel;
			sourceTree = "<group>";
		};
		84C7B29323F555B100821044 /* Cache Models */ = {
			isa = PBXGroup;
			children = (
				84C7B29423F555CD00821044 /* ArticleCache.swift */,
				84823E1723F6992B00AC832D /* VideoCache.swift */,
			);
			path = "Cache Models";
			sourceTree = "<group>";
		};
		D22C1C5842682AB88E09DDFB /* Frameworks */ = {
			isa = PBXGroup;
			children = (
				84A9E94A23F32B1B000C7D88 /* GTMAppAuth.framework */,
				84A9E94623F32B08000C7D88 /* AppAuth.framework */,
				84A9E94023F326C0000C7D88 /* AppAuth.framework */,
				D71FBA494C8441007AD0CC3C /* Pods_GelecekBilimde.framework */,
				D512A83A52CBBB99FC94516D /* Pods_GelecekBilimde_GelecekBilimdeUITests.framework */,
				AC516C8F24A25823F27AFD80 /* Pods_GelecekBilimdeTests.framework */,
			);
			name = Frameworks;
			sourceTree = "<group>";
		};
		EA787C0E2316DCBA000AC250 = {
			isa = PBXGroup;
			children = (
				EA787C192316DCBA000AC250 /* GelecekBilimde */,
				EA787C312316DCBB000AC250 /* GelecekBilimdeTests */,
				EA787C3C2316DCBC000AC250 /* GelecekBilimdeUITests */,
				EA787C182316DCBA000AC250 /* Products */,
				69DB0F34BD0E5519637A321E /* Pods */,
				D22C1C5842682AB88E09DDFB /* Frameworks */,
			);
			sourceTree = "<group>";
		};
		EA787C182316DCBA000AC250 /* Products */ = {
			isa = PBXGroup;
			children = (
				EA787C172316DCBA000AC250 /* GelecekBilimde.app */,
				EA787C2E2316DCBB000AC250 /* GelecekBilimdeTests.xctest */,
				EA787C392316DCBC000AC250 /* GelecekBilimdeUITests.xctest */,
			);
			name = Products;
			sourceTree = "<group>";
		};
		EA787C192316DCBA000AC250 /* GelecekBilimde */ = {
			isa = PBXGroup;
			children = (
				84A2CB9E23FEFBBA00220D63 /* GelecekBilimde.entitlements */,
				843D086E23F31D0E00DBF6E8 /* invites-sent.json */,
				EA787C1A2316DCBA000AC250 /* AppDelegate.swift */,
				EA787C292316DCBB000AC250 /* Info.plist */,
				8488C6B023F2E7B800575C33 /* GoogleService-Info.plist */,
				841B3CF523F2F5560007A75E /* App */,
				EA99567323426890006C91FE /* Core */,
				847FFCEA2336B59A0013363F /* Custom Cells */,
				84B77A4523672B1700AF81D2 /* Models */,
				847FFCD423369F830013363F /* Storyboards */,
			);
			path = GelecekBilimde;
			sourceTree = "<group>";
		};
		EA787C312316DCBB000AC250 /* GelecekBilimdeTests */ = {
			isa = PBXGroup;
			children = (
				EA787C322316DCBB000AC250 /* GelecekBilimdeTests.swift */,
				EA787C342316DCBB000AC250 /* Info.plist */,
			);
			path = GelecekBilimdeTests;
			sourceTree = "<group>";
		};
		EA787C3C2316DCBC000AC250 /* GelecekBilimdeUITests */ = {
			isa = PBXGroup;
			children = (
				EA787C3D2316DCBC000AC250 /* GelecekBilimdeUITests.swift */,
				EA787C3F2316DCBC000AC250 /* Info.plist */,
			);
			path = GelecekBilimdeUITests;
			sourceTree = "<group>";
		};
		EA9956692342617D006C91FE /* Destination */ = {
			isa = PBXGroup;
			children = (
				EA99566A23426187006C91FE /* Destination.swift */,
			);
			path = Destination;
			sourceTree = "<group>";
		};
		EA99566F23426691006C91FE /* Helper */ = {
			isa = PBXGroup;
			children = (
				EA995670234266A6006C91FE /* UIColor+CustomColors.swift */,
				84B77A4B236736A800AF81D2 /* UIFont+CustomFonts.swift */,
			);
			path = Helper;
			sourceTree = "<group>";
		};
		EA99567223426880006C91FE /* SupportingFiles */ = {
			isa = PBXGroup;
			children = (
				EA787C242316DCBB000AC250 /* Assets.xcassets */,
				EA787C262316DCBB000AC250 /* LaunchScreen.storyboard */,
			);
			path = SupportingFiles;
			sourceTree = "<group>";
		};
		EA99567323426890006C91FE /* Core */ = {
			isa = PBXGroup;
			children = (
				843D086423F3091D00DBF6E8 /* CustomHUD */,
				84B77A42236728E700AF81D2 /* Networking */,
				847FFCD82336A3C30013363F /* Fonts */,
				EA9956692342617D006C91FE /* Destination */,
				EA99566F23426691006C91FE /* Helper */,
				EA99567223426880006C91FE /* SupportingFiles */,
			);
			path = Core;
			sourceTree = "<group>";
		};
/* End PBXGroup section */

/* Begin PBXNativeTarget section */
		EA787C162316DCBA000AC250 /* GelecekBilimde */ = {
			isa = PBXNativeTarget;
			buildConfigurationList = EA787C422316DCBC000AC250 /* Build configuration list for PBXNativeTarget "GelecekBilimde" */;
			buildPhases = (
				9B606144294DB2E0DE2C5292 /* [CP] Check Pods Manifest.lock */,
				EA787C132316DCBA000AC250 /* Sources */,
				EA787C142316DCBA000AC250 /* Frameworks */,
				EA787C152316DCBA000AC250 /* Resources */,
				62DAA85FDE6D65C3E1832E6C /* [CP] Copy Pods Resources */,
				B75D3AAD7B1B42315D02C799 /* [CP] Embed Pods Frameworks */,
			);
			buildRules = (
			);
			dependencies = (
			);
			name = GelecekBilimde;
			packageProductDependencies = (
				841B3D0323F2F7040007A75E /* JGProgressHUD */,
				843D086823F31AD300DBF6E8 /* Lottie */,
				84C7B29A23F565AD00821044 /* SDWebImage */,
				84C7B29C23F565AD00821044 /* SDWebImageMapKit */,
			);
			productName = GelecekBilimde;
			productReference = EA787C172316DCBA000AC250 /* GelecekBilimde.app */;
			productType = "com.apple.product-type.application";
		};
		EA787C2D2316DCBB000AC250 /* GelecekBilimdeTests */ = {
			isa = PBXNativeTarget;
			buildConfigurationList = EA787C452316DCBC000AC250 /* Build configuration list for PBXNativeTarget "GelecekBilimdeTests" */;
			buildPhases = (
				6FC2FF9CFDBB71D77E967FEE /* [CP] Check Pods Manifest.lock */,
				EA787C2A2316DCBB000AC250 /* Sources */,
				EA787C2B2316DCBB000AC250 /* Frameworks */,
				EA787C2C2316DCBB000AC250 /* Resources */,
			);
			buildRules = (
			);
			dependencies = (
				EA787C302316DCBB000AC250 /* PBXTargetDependency */,
			);
			name = GelecekBilimdeTests;
			productName = GelecekBilimdeTests;
			productReference = EA787C2E2316DCBB000AC250 /* GelecekBilimdeTests.xctest */;
			productType = "com.apple.product-type.bundle.unit-test";
		};
		EA787C382316DCBC000AC250 /* GelecekBilimdeUITests */ = {
			isa = PBXNativeTarget;
			buildConfigurationList = EA787C482316DCBC000AC250 /* Build configuration list for PBXNativeTarget "GelecekBilimdeUITests" */;
			buildPhases = (
				0F95C54ADC9AC55E97E09B60 /* [CP] Check Pods Manifest.lock */,
				EA787C352316DCBC000AC250 /* Sources */,
				EA787C362316DCBC000AC250 /* Frameworks */,
				EA787C372316DCBC000AC250 /* Resources */,
				75500ED93AD0863CAF6764D9 /* [CP] Copy Pods Resources */,
				5184C1C7C5E276E64894B41C /* [CP] Embed Pods Frameworks */,
			);
			buildRules = (
			);
			dependencies = (
				EA787C3B2316DCBC000AC250 /* PBXTargetDependency */,
			);
			name = GelecekBilimdeUITests;
			productName = GelecekBilimdeUITests;
			productReference = EA787C392316DCBC000AC250 /* GelecekBilimdeUITests.xctest */;
			productType = "com.apple.product-type.bundle.ui-testing";
		};
/* End PBXNativeTarget section */

/* Begin PBXProject section */
		EA787C0F2316DCBA000AC250 /* Project object */ = {
			isa = PBXProject;
			attributes = {
				LastSwiftUpdateCheck = 1030;
				LastUpgradeCheck = 1030;
				ORGANIZATIONNAME = "Burak Furkan Asilturk";
				TargetAttributes = {
					EA787C162316DCBA000AC250 = {
						CreatedOnToolsVersion = 10.3;
					};
					EA787C2D2316DCBB000AC250 = {
						CreatedOnToolsVersion = 10.3;
						TestTargetID = EA787C162316DCBA000AC250;
					};
					EA787C382316DCBC000AC250 = {
						CreatedOnToolsVersion = 10.3;
						TestTargetID = EA787C162316DCBA000AC250;
					};
				};
			};
			buildConfigurationList = EA787C122316DCBA000AC250 /* Build configuration list for PBXProject "GelecekBilimde" */;
			compatibilityVersion = "Xcode 9.3";
			developmentRegion = en;
			hasScannedForEncodings = 0;
			knownRegions = (
				en,
				Base,
			);
			mainGroup = EA787C0E2316DCBA000AC250;
			packageReferences = (
				841B3D0223F2F7030007A75E /* XCRemoteSwiftPackageReference "JGProgressHUD" */,
				843D086723F31AD300DBF6E8 /* XCRemoteSwiftPackageReference "lottie-ios" */,
				84C7B29923F565AD00821044 /* XCRemoteSwiftPackageReference "SDWebImage" */,
			);
			productRefGroup = EA787C182316DCBA000AC250 /* Products */;
			projectDirPath = "";
			projectRoot = "";
			targets = (
				EA787C162316DCBA000AC250 /* GelecekBilimde */,
				EA787C2D2316DCBB000AC250 /* GelecekBilimdeTests */,
				EA787C382316DCBC000AC250 /* GelecekBilimdeUITests */,
			);
		};
/* End PBXProject section */

/* Begin PBXResourcesBuildPhase section */
		EA787C152316DCBA000AC250 /* Resources */ = {
			isa = PBXResourcesBuildPhase;
			buildActionMask = 2147483647;
			files = (
				847FFCDB2336A4200013363F /* SF-Pro-Display-Medium.otf in Resources */,
				847FFCE52336AEB70013363F /* Bookmarks.storyboard in Resources */,
				847FFCE72336AF220013363F /* Profile.storyboard in Resources */,
				EA787C282316DCBB000AC250 /* LaunchScreen.storyboard in Resources */,
				847FFCE32336AD7D0013363F /* Videos.storyboard in Resources */,
				847FFCE02336AB100013363F /* Articles.storyboard in Resources */,
				EA787C252316DCBB000AC250 /* Assets.xcassets in Resources */,
				847FFCDE2336A7CD0013363F /* Initial.storyboard in Resources */,
				843D086F23F31D0E00DBF6E8 /* invites-sent.json in Resources */,
				847FFCDC2336A4200013363F /* SF-Pro-Display-Regular.otf in Resources */,
				8488C6B123F2E7B800575C33 /* GoogleService-Info.plist in Resources */,
				EA787C202316DCBA000AC250 /* Login.storyboard in Resources */,
			);
			runOnlyForDeploymentPostprocessing = 0;
		};
		EA787C2C2316DCBB000AC250 /* Resources */ = {
			isa = PBXResourcesBuildPhase;
			buildActionMask = 2147483647;
			files = (
			);
			runOnlyForDeploymentPostprocessing = 0;
		};
		EA787C372316DCBC000AC250 /* Resources */ = {
			isa = PBXResourcesBuildPhase;
			buildActionMask = 2147483647;
			files = (
			);
			runOnlyForDeploymentPostprocessing = 0;
		};
/* End PBXResourcesBuildPhase section */

/* Begin PBXShellScriptBuildPhase section */
		0F95C54ADC9AC55E97E09B60 /* [CP] Check Pods Manifest.lock */ = {
			isa = PBXShellScriptBuildPhase;
			buildActionMask = 2147483647;
			files = (
			);
			inputFileListPaths = (
			);
			inputPaths = (
				"${PODS_PODFILE_DIR_PATH}/Podfile.lock",
				"${PODS_ROOT}/Manifest.lock",
			);
			name = "[CP] Check Pods Manifest.lock";
			outputFileListPaths = (
			);
			outputPaths = (
				"$(DERIVED_FILE_DIR)/Pods-GelecekBilimde-GelecekBilimdeUITests-checkManifestLockResult.txt",
			);
			runOnlyForDeploymentPostprocessing = 0;
			shellPath = /bin/sh;
			shellScript = "diff \"${PODS_PODFILE_DIR_PATH}/Podfile.lock\" \"${PODS_ROOT}/Manifest.lock\" > /dev/null\nif [ $? != 0 ] ; then\n    # print error to STDERR\n    echo \"error: The sandbox is not in sync with the Podfile.lock. Run 'pod install' or update your CocoaPods installation.\" >&2\n    exit 1\nfi\n# This output is used by Xcode 'outputs' to avoid re-running this script phase.\necho \"SUCCESS\" > \"${SCRIPT_OUTPUT_FILE_0}\"\n";
			showEnvVarsInLog = 0;
		};
		5184C1C7C5E276E64894B41C /* [CP] Embed Pods Frameworks */ = {
			isa = PBXShellScriptBuildPhase;
			buildActionMask = 2147483647;
			files = (
			);
			inputFileListPaths = (
				"${PODS_ROOT}/Target Support Files/Pods-GelecekBilimde-GelecekBilimdeUITests/Pods-GelecekBilimde-GelecekBilimdeUITests-frameworks-${CONFIGURATION}-input-files.xcfilelist",
			);
			name = "[CP] Embed Pods Frameworks";
			outputFileListPaths = (
				"${PODS_ROOT}/Target Support Files/Pods-GelecekBilimde-GelecekBilimdeUITests/Pods-GelecekBilimde-GelecekBilimdeUITests-frameworks-${CONFIGURATION}-output-files.xcfilelist",
			);
			runOnlyForDeploymentPostprocessing = 0;
			shellPath = /bin/sh;
			shellScript = "\"${PODS_ROOT}/Target Support Files/Pods-GelecekBilimde-GelecekBilimdeUITests/Pods-GelecekBilimde-GelecekBilimdeUITests-frameworks.sh\"\n";
			showEnvVarsInLog = 0;
		};
		62DAA85FDE6D65C3E1832E6C /* [CP] Copy Pods Resources */ = {
			isa = PBXShellScriptBuildPhase;
			buildActionMask = 2147483647;
			files = (
			);
			inputFileListPaths = (
				"${PODS_ROOT}/Target Support Files/Pods-GelecekBilimde/Pods-GelecekBilimde-resources-${CONFIGURATION}-input-files.xcfilelist",
			);
			name = "[CP] Copy Pods Resources";
			outputFileListPaths = (
				"${PODS_ROOT}/Target Support Files/Pods-GelecekBilimde/Pods-GelecekBilimde-resources-${CONFIGURATION}-output-files.xcfilelist",
			);
			runOnlyForDeploymentPostprocessing = 0;
			shellPath = /bin/sh;
			shellScript = "\"${PODS_ROOT}/Target Support Files/Pods-GelecekBilimde/Pods-GelecekBilimde-resources.sh\"\n";
			showEnvVarsInLog = 0;
		};
		6FC2FF9CFDBB71D77E967FEE /* [CP] Check Pods Manifest.lock */ = {
			isa = PBXShellScriptBuildPhase;
			buildActionMask = 2147483647;
			files = (
			);
			inputFileListPaths = (
			);
			inputPaths = (
				"${PODS_PODFILE_DIR_PATH}/Podfile.lock",
				"${PODS_ROOT}/Manifest.lock",
			);
			name = "[CP] Check Pods Manifest.lock";
			outputFileListPaths = (
			);
			outputPaths = (
				"$(DERIVED_FILE_DIR)/Pods-GelecekBilimdeTests-checkManifestLockResult.txt",
			);
			runOnlyForDeploymentPostprocessing = 0;
			shellPath = /bin/sh;
			shellScript = "diff \"${PODS_PODFILE_DIR_PATH}/Podfile.lock\" \"${PODS_ROOT}/Manifest.lock\" > /dev/null\nif [ $? != 0 ] ; then\n    # print error to STDERR\n    echo \"error: The sandbox is not in sync with the Podfile.lock. Run 'pod install' or update your CocoaPods installation.\" >&2\n    exit 1\nfi\n# This output is used by Xcode 'outputs' to avoid re-running this script phase.\necho \"SUCCESS\" > \"${SCRIPT_OUTPUT_FILE_0}\"\n";
			showEnvVarsInLog = 0;
		};
		75500ED93AD0863CAF6764D9 /* [CP] Copy Pods Resources */ = {
			isa = PBXShellScriptBuildPhase;
			buildActionMask = 2147483647;
			files = (
			);
			inputFileListPaths = (
				"${PODS_ROOT}/Target Support Files/Pods-GelecekBilimde-GelecekBilimdeUITests/Pods-GelecekBilimde-GelecekBilimdeUITests-resources-${CONFIGURATION}-input-files.xcfilelist",
			);
			name = "[CP] Copy Pods Resources";
			outputFileListPaths = (
				"${PODS_ROOT}/Target Support Files/Pods-GelecekBilimde-GelecekBilimdeUITests/Pods-GelecekBilimde-GelecekBilimdeUITests-resources-${CONFIGURATION}-output-files.xcfilelist",
			);
			runOnlyForDeploymentPostprocessing = 0;
			shellPath = /bin/sh;
			shellScript = "\"${PODS_ROOT}/Target Support Files/Pods-GelecekBilimde-GelecekBilimdeUITests/Pods-GelecekBilimde-GelecekBilimdeUITests-resources.sh\"\n";
			showEnvVarsInLog = 0;
		};
		9B606144294DB2E0DE2C5292 /* [CP] Check Pods Manifest.lock */ = {
			isa = PBXShellScriptBuildPhase;
			buildActionMask = 2147483647;
			files = (
			);
			inputFileListPaths = (
			);
			inputPaths = (
				"${PODS_PODFILE_DIR_PATH}/Podfile.lock",
				"${PODS_ROOT}/Manifest.lock",
			);
			name = "[CP] Check Pods Manifest.lock";
			outputFileListPaths = (
			);
			outputPaths = (
				"$(DERIVED_FILE_DIR)/Pods-GelecekBilimde-checkManifestLockResult.txt",
			);
			runOnlyForDeploymentPostprocessing = 0;
			shellPath = /bin/sh;
			shellScript = "diff \"${PODS_PODFILE_DIR_PATH}/Podfile.lock\" \"${PODS_ROOT}/Manifest.lock\" > /dev/null\nif [ $? != 0 ] ; then\n    # print error to STDERR\n    echo \"error: The sandbox is not in sync with the Podfile.lock. Run 'pod install' or update your CocoaPods installation.\" >&2\n    exit 1\nfi\n# This output is used by Xcode 'outputs' to avoid re-running this script phase.\necho \"SUCCESS\" > \"${SCRIPT_OUTPUT_FILE_0}\"\n";
			showEnvVarsInLog = 0;
		};
		B75D3AAD7B1B42315D02C799 /* [CP] Embed Pods Frameworks */ = {
			isa = PBXShellScriptBuildPhase;
			buildActionMask = 2147483647;
			files = (
			);
			inputFileListPaths = (
				"${PODS_ROOT}/Target Support Files/Pods-GelecekBilimde/Pods-GelecekBilimde-frameworks-${CONFIGURATION}-input-files.xcfilelist",
			);
			name = "[CP] Embed Pods Frameworks";
			outputFileListPaths = (
				"${PODS_ROOT}/Target Support Files/Pods-GelecekBilimde/Pods-GelecekBilimde-frameworks-${CONFIGURATION}-output-files.xcfilelist",
			);
			runOnlyForDeploymentPostprocessing = 0;
			shellPath = /bin/sh;
			shellScript = "\"${PODS_ROOT}/Target Support Files/Pods-GelecekBilimde/Pods-GelecekBilimde-frameworks.sh\"\n";
			showEnvVarsInLog = 0;
		};
/* End PBXShellScriptBuildPhase section */

/* Begin PBXSourcesBuildPhase section */
		EA787C132316DCBA000AC250 /* Sources */ = {
			isa = PBXSourcesBuildPhase;
			buildActionMask = 2147483647;
			files = (
				84823E1F23F6BD9F00AC832D /* VideoContentViewController.swift in Sources */,
				84823E1823F6992B00AC832D /* VideoCache.swift in Sources */,
				840E7F1123F5E4BE008DE850 /* ArticleContentViewController.swift in Sources */,
				84C7B27C23F54A9D00821044 /* NetworkLogger.swift in Sources */,
				843A86952337F43200D35507 /* BookmarksViewController.swift in Sources */,
				84C7B28123F54B1000821044 /* URLParameterEncoding.swift in Sources */,
				847FFCEC2336BF960013363F /* ArticlesTableViewController.swift in Sources */,
				EA99566B23426187006C91FE /* Destination.swift in Sources */,
				84C7B29523F555CD00821044 /* ArticleCache.swift in Sources */,
				EA995671234266A6006C91FE /* UIColor+CustomColors.swift in Sources */,
				843D086C23F31C7B00DBF6E8 /* OnboardingViewController.swift in Sources */,
				847FFCD72336A0250013363F /* LoginViewController.swift in Sources */,
				84B77A4C236736A800AF81D2 /* UIFont+CustomFonts.swift in Sources */,
				EA787C1B2316DCBA000AC250 /* AppDelegate.swift in Sources */,
				84C7B27423F54A0D00821044 /* EndPointType.swift in Sources */,
				843D086623F3093300DBF6E8 /* CustomProgressHUD.swift in Sources */,
				84C7B27623F54A3400821044 /* Router.swift in Sources */,
				84C7B29223F551C800821044 /* ArticleViewModel.swift in Sources */,
				84B77A4723672B2D00AF81D2 /* AppUser.swift in Sources */,
				84C7B27A23F54A7700821044 /* HTTPTask.swift in Sources */,
				84B77A51236752AA00AF81D2 /* CurrentUser.swift in Sources */,
				849DAA4423F93799003C106F /* SettingTableViewCell.swift in Sources */,
				843A86972337F77E00D35507 /* BookmarkedArticlesTableViewController.swift in Sources */,
				84C7B27823F54A5900821044 /* HTTPMethod.swift in Sources */,
				84C7B27F23F54ACB00821044 /* ParameterEncoding.swift in Sources */,
				8488C6B423F2EB4E00575C33 /* GoogleSignInAuth.swift in Sources */,
				843A86912337E86500D35507 /* VideosTableViewController.swift in Sources */,
				843A86992337F7A300D35507 /* BookmarkedVideosTableViewController.swift in Sources */,
				84A2CBA023FEFCA800220D63 /* SignInWithAppleAuth.swift in Sources */,
				84AD06CF23F726BC0066FF9F /* BookmarkArticleViewModel.swift in Sources */,
				843A86932337EE7300D35507 /* VideoTableViewCell.swift in Sources */,
				84C7B28323F54B3000821044 /* JSONParameterEncoder.swift in Sources */,
				84C7B28623F54B6200821044 /* NetworkManager.swift in Sources */,
				EA99566E234265BC006C91FE /* ProfileViewController.swift in Sources */,
				849DAA4223F918E3003C106F /* BookmarkVideoViewModel.swift in Sources */,
				847FFCEE2336C2110013363F /* ArticleTableViewCell.swift in Sources */,
				84C7B28923F54BC900821044 /* ArticleEndPoint.swift in Sources */,
				847FFCE92336B3490013363F /* InitialTabBarViewController.swift in Sources */,
				84823E1B23F69B5300AC832D /* VideosViewModel.swift in Sources */,
				84C7B28E23F54D3700821044 /* ArticleResponse.swift in Sources */,
			);
			runOnlyForDeploymentPostprocessing = 0;
		};
		EA787C2A2316DCBB000AC250 /* Sources */ = {
			isa = PBXSourcesBuildPhase;
			buildActionMask = 2147483647;
			files = (
				EA787C332316DCBB000AC250 /* GelecekBilimdeTests.swift in Sources */,
			);
			runOnlyForDeploymentPostprocessing = 0;
		};
		EA787C352316DCBC000AC250 /* Sources */ = {
			isa = PBXSourcesBuildPhase;
			buildActionMask = 2147483647;
			files = (
				EA787C3E2316DCBC000AC250 /* GelecekBilimdeUITests.swift in Sources */,
			);
			runOnlyForDeploymentPostprocessing = 0;
		};
/* End PBXSourcesBuildPhase section */

/* Begin PBXTargetDependency section */
		EA787C302316DCBB000AC250 /* PBXTargetDependency */ = {
			isa = PBXTargetDependency;
			target = EA787C162316DCBA000AC250 /* GelecekBilimde */;
			targetProxy = EA787C2F2316DCBB000AC250 /* PBXContainerItemProxy */;
		};
		EA787C3B2316DCBC000AC250 /* PBXTargetDependency */ = {
			isa = PBXTargetDependency;
			target = EA787C162316DCBA000AC250 /* GelecekBilimde */;
			targetProxy = EA787C3A2316DCBC000AC250 /* PBXContainerItemProxy */;
		};
/* End PBXTargetDependency section */

/* Begin PBXVariantGroup section */
		EA787C1E2316DCBA000AC250 /* Login.storyboard */ = {
			isa = PBXVariantGroup;
			children = (
				EA787C1F2316DCBA000AC250 /* Base */,
			);
			name = Login.storyboard;
			sourceTree = "<group>";
		};
		EA787C262316DCBB000AC250 /* LaunchScreen.storyboard */ = {
			isa = PBXVariantGroup;
			children = (
				EA787C272316DCBB000AC250 /* Base */,
			);
			name = LaunchScreen.storyboard;
			sourceTree = "<group>";
		};
/* End PBXVariantGroup section */

/* Begin XCBuildConfiguration section */
		EA787C402316DCBC000AC250 /* Debug */ = {
			isa = XCBuildConfiguration;
			buildSettings = {
				ALWAYS_SEARCH_USER_PATHS = NO;
				CLANG_ANALYZER_NONNULL = YES;
				CLANG_ANALYZER_NUMBER_OBJECT_CONVERSION = YES_AGGRESSIVE;
				CLANG_CXX_LANGUAGE_STANDARD = "gnu++14";
				CLANG_CXX_LIBRARY = "libc++";
				CLANG_ENABLE_MODULES = YES;
				CLANG_ENABLE_OBJC_ARC = YES;
				CLANG_ENABLE_OBJC_WEAK = YES;
				CLANG_WARN_BLOCK_CAPTURE_AUTORELEASING = YES;
				CLANG_WARN_BOOL_CONVERSION = YES;
				CLANG_WARN_COMMA = YES;
				CLANG_WARN_CONSTANT_CONVERSION = YES;
				CLANG_WARN_DEPRECATED_OBJC_IMPLEMENTATIONS = YES;
				CLANG_WARN_DIRECT_OBJC_ISA_USAGE = YES_ERROR;
				CLANG_WARN_DOCUMENTATION_COMMENTS = YES;
				CLANG_WARN_EMPTY_BODY = YES;
				CLANG_WARN_ENUM_CONVERSION = YES;
				CLANG_WARN_INFINITE_RECURSION = YES;
				CLANG_WARN_INT_CONVERSION = YES;
				CLANG_WARN_NON_LITERAL_NULL_CONVERSION = YES;
				CLANG_WARN_OBJC_IMPLICIT_RETAIN_SELF = YES;
				CLANG_WARN_OBJC_LITERAL_CONVERSION = YES;
				CLANG_WARN_OBJC_ROOT_CLASS = YES_ERROR;
				CLANG_WARN_RANGE_LOOP_ANALYSIS = YES;
				CLANG_WARN_STRICT_PROTOTYPES = YES;
				CLANG_WARN_SUSPICIOUS_MOVE = YES;
				CLANG_WARN_UNGUARDED_AVAILABILITY = YES_AGGRESSIVE;
				CLANG_WARN_UNREACHABLE_CODE = YES;
				CLANG_WARN__DUPLICATE_METHOD_MATCH = YES;
				CODE_SIGN_IDENTITY = "iPhone Developer";
				COPY_PHASE_STRIP = NO;
				DEBUG_INFORMATION_FORMAT = dwarf;
				ENABLE_STRICT_OBJC_MSGSEND = YES;
				ENABLE_TESTABILITY = YES;
				GCC_C_LANGUAGE_STANDARD = gnu11;
				GCC_DYNAMIC_NO_PIC = NO;
				GCC_NO_COMMON_BLOCKS = YES;
				GCC_OPTIMIZATION_LEVEL = 0;
				GCC_PREPROCESSOR_DEFINITIONS = (
					"DEBUG=1",
					"$(inherited)",
				);
				GCC_WARN_64_TO_32_BIT_CONVERSION = YES;
				GCC_WARN_ABOUT_RETURN_TYPE = YES_ERROR;
				GCC_WARN_UNDECLARED_SELECTOR = YES;
				GCC_WARN_UNINITIALIZED_AUTOS = YES_AGGRESSIVE;
				GCC_WARN_UNUSED_FUNCTION = YES;
				GCC_WARN_UNUSED_VARIABLE = YES;
				IPHONEOS_DEPLOYMENT_TARGET = 12.0;
				MTL_ENABLE_DEBUG_INFO = INCLUDE_SOURCE;
				MTL_FAST_MATH = YES;
				ONLY_ACTIVE_ARCH = YES;
				SDKROOT = iphoneos;
				SWIFT_ACTIVE_COMPILATION_CONDITIONS = DEBUG;
				SWIFT_OPTIMIZATION_LEVEL = "-Onone";
			};
			name = Debug;
		};
		EA787C412316DCBC000AC250 /* Release */ = {
			isa = XCBuildConfiguration;
			buildSettings = {
				ALWAYS_SEARCH_USER_PATHS = NO;
				CLANG_ANALYZER_NONNULL = YES;
				CLANG_ANALYZER_NUMBER_OBJECT_CONVERSION = YES_AGGRESSIVE;
				CLANG_CXX_LANGUAGE_STANDARD = "gnu++14";
				CLANG_CXX_LIBRARY = "libc++";
				CLANG_ENABLE_MODULES = YES;
				CLANG_ENABLE_OBJC_ARC = YES;
				CLANG_ENABLE_OBJC_WEAK = YES;
				CLANG_WARN_BLOCK_CAPTURE_AUTORELEASING = YES;
				CLANG_WARN_BOOL_CONVERSION = YES;
				CLANG_WARN_COMMA = YES;
				CLANG_WARN_CONSTANT_CONVERSION = YES;
				CLANG_WARN_DEPRECATED_OBJC_IMPLEMENTATIONS = YES;
				CLANG_WARN_DIRECT_OBJC_ISA_USAGE = YES_ERROR;
				CLANG_WARN_DOCUMENTATION_COMMENTS = YES;
				CLANG_WARN_EMPTY_BODY = YES;
				CLANG_WARN_ENUM_CONVERSION = YES;
				CLANG_WARN_INFINITE_RECURSION = YES;
				CLANG_WARN_INT_CONVERSION = YES;
				CLANG_WARN_NON_LITERAL_NULL_CONVERSION = YES;
				CLANG_WARN_OBJC_IMPLICIT_RETAIN_SELF = YES;
				CLANG_WARN_OBJC_LITERAL_CONVERSION = YES;
				CLANG_WARN_OBJC_ROOT_CLASS = YES_ERROR;
				CLANG_WARN_RANGE_LOOP_ANALYSIS = YES;
				CLANG_WARN_STRICT_PROTOTYPES = YES;
				CLANG_WARN_SUSPICIOUS_MOVE = YES;
				CLANG_WARN_UNGUARDED_AVAILABILITY = YES_AGGRESSIVE;
				CLANG_WARN_UNREACHABLE_CODE = YES;
				CLANG_WARN__DUPLICATE_METHOD_MATCH = YES;
				CODE_SIGN_IDENTITY = "iPhone Developer";
				COPY_PHASE_STRIP = NO;
				DEBUG_INFORMATION_FORMAT = "dwarf-with-dsym";
				ENABLE_NS_ASSERTIONS = NO;
				ENABLE_STRICT_OBJC_MSGSEND = YES;
				GCC_C_LANGUAGE_STANDARD = gnu11;
				GCC_NO_COMMON_BLOCKS = YES;
				GCC_WARN_64_TO_32_BIT_CONVERSION = YES;
				GCC_WARN_ABOUT_RETURN_TYPE = YES_ERROR;
				GCC_WARN_UNDECLARED_SELECTOR = YES;
				GCC_WARN_UNINITIALIZED_AUTOS = YES_AGGRESSIVE;
				GCC_WARN_UNUSED_FUNCTION = YES;
				GCC_WARN_UNUSED_VARIABLE = YES;
				IPHONEOS_DEPLOYMENT_TARGET = 12.0;
				MTL_ENABLE_DEBUG_INFO = NO;
				MTL_FAST_MATH = YES;
				SDKROOT = iphoneos;
				SWIFT_COMPILATION_MODE = wholemodule;
				SWIFT_OPTIMIZATION_LEVEL = "-O";
				VALIDATE_PRODUCT = YES;
			};
			name = Release;
		};
		EA787C432316DCBC000AC250 /* Debug */ = {
			isa = XCBuildConfiguration;
			baseConfigurationReference = 9BD33AF99B81AF0DC23FF204 /* Pods-GelecekBilimde.debug.xcconfig */;
			buildSettings = {
				ASSETCATALOG_COMPILER_APPICON_NAME = AppIcon;
				CODE_SIGN_ENTITLEMENTS = GelecekBilimde/GelecekBilimde.entitlements;
				CODE_SIGN_STYLE = Automatic;
				DEVELOPMENT_TEAM = MTMVBPSRA5;
				INFOPLIST_FILE = GelecekBilimde/Info.plist;
				IPHONEOS_DEPLOYMENT_TARGET = 12.0;
				LD_RUNPATH_SEARCH_PATHS = (
					"$(inherited)",
					"@executable_path/Frameworks",
				);
				MARKETING_VERSION = 1.1;
				PRODUCT_BUNDLE_IDENTIFIER = com.gelecekbilimde.GelecekBilimde;
				PRODUCT_NAME = "$(TARGET_NAME)";
				SWIFT_VERSION = 5.0;
				TARGETED_DEVICE_FAMILY = 1;
			};
			name = Debug;
		};
		EA787C442316DCBC000AC250 /* Release */ = {
			isa = XCBuildConfiguration;
			baseConfigurationReference = 57767462EFE4EB65822407F7 /* Pods-GelecekBilimde.release.xcconfig */;
			buildSettings = {
				ASSETCATALOG_COMPILER_APPICON_NAME = AppIcon;
				CODE_SIGN_ENTITLEMENTS = GelecekBilimde/GelecekBilimde.entitlements;
				CODE_SIGN_STYLE = Automatic;
				DEVELOPMENT_TEAM = MTMVBPSRA5;
				INFOPLIST_FILE = GelecekBilimde/Info.plist;
				IPHONEOS_DEPLOYMENT_TARGET = 12.0;
				LD_RUNPATH_SEARCH_PATHS = (
					"$(inherited)",
					"@executable_path/Frameworks",
				);
				MARKETING_VERSION = 1.1;
				PRODUCT_BUNDLE_IDENTIFIER = com.gelecekbilimde.GelecekBilimde;
				PRODUCT_NAME = "$(TARGET_NAME)";
				SWIFT_VERSION = 5.0;
				TARGETED_DEVICE_FAMILY = 1;
			};
			name = Release;
		};
		EA787C462316DCBC000AC250 /* Debug */ = {
			isa = XCBuildConfiguration;
			baseConfigurationReference = C0DFD65AE340F2538B6B9C2B /* Pods-GelecekBilimdeTests.debug.xcconfig */;
			buildSettings = {
				ALWAYS_EMBED_SWIFT_STANDARD_LIBRARIES = YES;
				BUNDLE_LOADER = "$(TEST_HOST)";
				CODE_SIGN_STYLE = Automatic;
				INFOPLIST_FILE = GelecekBilimdeTests/Info.plist;
				LD_RUNPATH_SEARCH_PATHS = (
					"$(inherited)",
					"@executable_path/Frameworks",
					"@loader_path/Frameworks",
				);
				PRODUCT_BUNDLE_IDENTIFIER = com.gelecekbilimde.GelecekBilimdeTests;
				PRODUCT_NAME = "$(TARGET_NAME)";
				SWIFT_VERSION = 5.0;
				TARGETED_DEVICE_FAMILY = "1,2";
				TEST_HOST = "$(BUILT_PRODUCTS_DIR)/GelecekBilimde.app/GelecekBilimde";
			};
			name = Debug;
		};
		EA787C472316DCBC000AC250 /* Release */ = {
			isa = XCBuildConfiguration;
			baseConfigurationReference = AAD2CDBAF8BBAD5F950186DB /* Pods-GelecekBilimdeTests.release.xcconfig */;
			buildSettings = {
				ALWAYS_EMBED_SWIFT_STANDARD_LIBRARIES = YES;
				BUNDLE_LOADER = "$(TEST_HOST)";
				CODE_SIGN_STYLE = Automatic;
				INFOPLIST_FILE = GelecekBilimdeTests/Info.plist;
				LD_RUNPATH_SEARCH_PATHS = (
					"$(inherited)",
					"@executable_path/Frameworks",
					"@loader_path/Frameworks",
				);
				PRODUCT_BUNDLE_IDENTIFIER = com.gelecekbilimde.GelecekBilimdeTests;
				PRODUCT_NAME = "$(TARGET_NAME)";
				SWIFT_VERSION = 5.0;
				TARGETED_DEVICE_FAMILY = "1,2";
				TEST_HOST = "$(BUILT_PRODUCTS_DIR)/GelecekBilimde.app/GelecekBilimde";
			};
			name = Release;
		};
		EA787C492316DCBC000AC250 /* Debug */ = {
			isa = XCBuildConfiguration;
			baseConfigurationReference = 963FF8D520FD9DABF82BF9BB /* Pods-GelecekBilimde-GelecekBilimdeUITests.debug.xcconfig */;
			buildSettings = {
				ALWAYS_EMBED_SWIFT_STANDARD_LIBRARIES = YES;
				CODE_SIGN_STYLE = Automatic;
				INFOPLIST_FILE = GelecekBilimdeUITests/Info.plist;
				LD_RUNPATH_SEARCH_PATHS = (
					"$(inherited)",
					"@executable_path/Frameworks",
					"@loader_path/Frameworks",
				);
				PRODUCT_BUNDLE_IDENTIFIER = com.gelecekbilimde.GelecekBilimdeUITests;
				PRODUCT_NAME = "$(TARGET_NAME)";
				SWIFT_VERSION = 5.0;
				TARGETED_DEVICE_FAMILY = "1,2";
				TEST_TARGET_NAME = GelecekBilimde;
			};
			name = Debug;
		};
		EA787C4A2316DCBC000AC250 /* Release */ = {
			isa = XCBuildConfiguration;
			baseConfigurationReference = 19B127585DC0CFF2E3463C79 /* Pods-GelecekBilimde-GelecekBilimdeUITests.release.xcconfig */;
			buildSettings = {
				ALWAYS_EMBED_SWIFT_STANDARD_LIBRARIES = YES;
				CODE_SIGN_STYLE = Automatic;
				INFOPLIST_FILE = GelecekBilimdeUITests/Info.plist;
				LD_RUNPATH_SEARCH_PATHS = (
					"$(inherited)",
					"@executable_path/Frameworks",
					"@loader_path/Frameworks",
				);
				PRODUCT_BUNDLE_IDENTIFIER = com.gelecekbilimde.GelecekBilimdeUITests;
				PRODUCT_NAME = "$(TARGET_NAME)";
				SWIFT_VERSION = 5.0;
				TARGETED_DEVICE_FAMILY = "1,2";
				TEST_TARGET_NAME = GelecekBilimde;
			};
			name = Release;
		};
/* End XCBuildConfiguration section */

/* Begin XCConfigurationList section */
		EA787C122316DCBA000AC250 /* Build configuration list for PBXProject "GelecekBilimde" */ = {
			isa = XCConfigurationList;
			buildConfigurations = (
				EA787C402316DCBC000AC250 /* Debug */,
				EA787C412316DCBC000AC250 /* Release */,
			);
			defaultConfigurationIsVisible = 0;
			defaultConfigurationName = Release;
		};
		EA787C422316DCBC000AC250 /* Build configuration list for PBXNativeTarget "GelecekBilimde" */ = {
			isa = XCConfigurationList;
			buildConfigurations = (
				EA787C432316DCBC000AC250 /* Debug */,
				EA787C442316DCBC000AC250 /* Release */,
			);
			defaultConfigurationIsVisible = 0;
			defaultConfigurationName = Release;
		};
		EA787C452316DCBC000AC250 /* Build configuration list for PBXNativeTarget "GelecekBilimdeTests" */ = {
			isa = XCConfigurationList;
			buildConfigurations = (
				EA787C462316DCBC000AC250 /* Debug */,
				EA787C472316DCBC000AC250 /* Release */,
			);
			defaultConfigurationIsVisible = 0;
			defaultConfigurationName = Release;
		};
		EA787C482316DCBC000AC250 /* Build configuration list for PBXNativeTarget "GelecekBilimdeUITests" */ = {
			isa = XCConfigurationList;
			buildConfigurations = (
				EA787C492316DCBC000AC250 /* Debug */,
				EA787C4A2316DCBC000AC250 /* Release */,
			);
			defaultConfigurationIsVisible = 0;
			defaultConfigurationName = Release;
		};
/* End XCConfigurationList section */

/* Begin XCRemoteSwiftPackageReference section */
		841B3D0223F2F7030007A75E /* XCRemoteSwiftPackageReference "JGProgressHUD" */ = {
			isa = XCRemoteSwiftPackageReference;
			repositoryURL = "https://github.com/JonasGessner/JGProgressHUD";
			requirement = {
				kind = upToNextMajorVersion;
				minimumVersion = 2.1.0;
			};
		};
		843D086723F31AD300DBF6E8 /* XCRemoteSwiftPackageReference "lottie-ios" */ = {
			isa = XCRemoteSwiftPackageReference;
			repositoryURL = "https://github.com/airbnb/lottie-ios";
			requirement = {
				kind = upToNextMajorVersion;
				minimumVersion = 3.1.6;
			};
		};
		84C7B29923F565AD00821044 /* XCRemoteSwiftPackageReference "SDWebImage" */ = {
			isa = XCRemoteSwiftPackageReference;
			repositoryURL = "https://github.com/SDWebImage/SDWebImage";
			requirement = {
				kind = upToNextMajorVersion;
				minimumVersion = 5.5.2;
			};
		};
/* End XCRemoteSwiftPackageReference section */

/* Begin XCSwiftPackageProductDependency section */
		841B3D0323F2F7040007A75E /* JGProgressHUD */ = {
			isa = XCSwiftPackageProductDependency;
			package = 841B3D0223F2F7030007A75E /* XCRemoteSwiftPackageReference "JGProgressHUD" */;
			productName = JGProgressHUD;
		};
		843D086823F31AD300DBF6E8 /* Lottie */ = {
			isa = XCSwiftPackageProductDependency;
			package = 843D086723F31AD300DBF6E8 /* XCRemoteSwiftPackageReference "lottie-ios" */;
			productName = Lottie;
		};
		84C7B29A23F565AD00821044 /* SDWebImage */ = {
			isa = XCSwiftPackageProductDependency;
			package = 84C7B29923F565AD00821044 /* XCRemoteSwiftPackageReference "SDWebImage" */;
			productName = SDWebImage;
		};
		84C7B29C23F565AD00821044 /* SDWebImageMapKit */ = {
			isa = XCSwiftPackageProductDependency;
			package = 84C7B29923F565AD00821044 /* XCRemoteSwiftPackageReference "SDWebImage" */;
			productName = SDWebImageMapKit;
		};
/* End XCSwiftPackageProductDependency section */
	};
	rootObject = EA787C0F2316DCBA000AC250 /* Project object */;
}
